<?xml version="1.0" encoding="UTF-8"?>
<!DOCTYPE plist PUBLIC "-//Apple//DTD PLIST 1.0//EN" "http://www.apple.com/DTDs/PropertyList-1.0.dtd">
<plist version="1.0">
<dict>
	<key>archiveVersion</key>
	<string>1</string>
	<key>classes</key>
	<dict/>
	<key>objectVersion</key>
	<string>46</string>
	<key>objects</key>
	<dict>
		<key>07BE12CEF6089D8A9FF4304C</key>
		<dict>
			<key>includeInIndex</key>
			<string>1</string>
			<key>isa</key>
			<string>PBXFileReference</string>
			<key>lastKnownFileType</key>
			<string>text.xcconfig</string>
			<key>name</key>
			<string>Pods-Lit.release.xcconfig</string>
			<key>path</key>
			<string>Pods/Target Support Files/Pods-Lit/Pods-Lit.release.xcconfig</string>
			<key>sourceTree</key>
			<string>&lt;group&gt;</string>
		</dict>
		<key>45B4BEB9C2C854AA28671B33</key>
		<dict>
			<key>buildActionMask</key>
			<string>2147483647</string>
			<key>files</key>
			<array/>
			<key>inputPaths</key>
			<array/>
			<key>isa</key>
			<string>PBXShellScriptBuildPhase</string>
			<key>name</key>
			<string>[CP] Embed Pods Frameworks</string>
			<key>outputPaths</key>
			<array/>
			<key>runOnlyForDeploymentPostprocessing</key>
			<string>0</string>
			<key>shellPath</key>
			<string>/bin/sh</string>
			<key>shellScript</key>
			<string>"${SRCROOT}/Pods/Target Support Files/Pods-Lit/Pods-Lit-frameworks.sh"
</string>
			<key>showEnvVarsInLog</key>
			<string>0</string>
		</dict>
		<key>4E2D9C43FC4D003089A35D25</key>
		<dict>
			<key>buildActionMask</key>
			<string>2147483647</string>
			<key>files</key>
			<array/>
			<key>inputPaths</key>
			<array/>
			<key>isa</key>
			<string>PBXShellScriptBuildPhase</string>
			<key>name</key>
			<string>[CP] Copy Pods Resources</string>
			<key>outputPaths</key>
			<array/>
			<key>runOnlyForDeploymentPostprocessing</key>
			<string>0</string>
			<key>shellPath</key>
			<string>/bin/sh</string>
			<key>shellScript</key>
			<string>"${SRCROOT}/Pods/Target Support Files/Pods-Lit/Pods-Lit-resources.sh"
</string>
			<key>showEnvVarsInLog</key>
			<string>0</string>
		</dict>
		<key>7571A02647713C629465B84B</key>
		<dict>
			<key>buildActionMask</key>
			<string>2147483647</string>
			<key>files</key>
			<array/>
			<key>inputPaths</key>
			<array/>
			<key>isa</key>
			<string>PBXShellScriptBuildPhase</string>
			<key>name</key>
			<string>[CP] Check Pods Manifest.lock</string>
			<key>outputPaths</key>
			<array/>
			<key>runOnlyForDeploymentPostprocessing</key>
			<string>0</string>
			<key>shellPath</key>
			<string>/bin/sh</string>
			<key>shellScript</key>
			<string>diff "${PODS_ROOT}/../Podfile.lock" "${PODS_ROOT}/Manifest.lock" &gt; /dev/null
if [[ $? != 0 ]] ; then
    cat &lt;&lt; EOM
error: The sandbox is not in sync with the Podfile.lock. Run 'pod install' or update your CocoaPods installation.
EOM
    exit 1
fi
</string>
			<key>showEnvVarsInLog</key>
			<string>0</string>
		</dict>
		<key>76136D361D4933E1003DB433</key>
		<dict>
			<key>children</key>
			<array>
				<string>76136D381D4933F6003DB433</string>
			</array>
			<key>isa</key>
			<string>PBXGroup</string>
			<key>name</key>
			<string>Layouts</string>
			<key>sourceTree</key>
			<string>&lt;group&gt;</string>
		</dict>
		<key>76136D381D4933F6003DB433</key>
		<dict>
			<key>fileEncoding</key>
			<string>4</string>
			<key>isa</key>
			<string>PBXFileReference</string>
			<key>lastKnownFileType</key>
			<string>sourcecode.swift</string>
			<key>path</key>
			<string>UltravisualLayout.swift</string>
			<key>sourceTree</key>
			<string>&lt;group&gt;</string>
		</dict>
		<key>76136D391D4933F6003DB433</key>
		<dict>
			<key>fileRef</key>
			<string>76136D381D4933F6003DB433</string>
			<key>isa</key>
			<string>PBXBuildFile</string>
		</dict>
		<key>76136D3A1D49370A003DB433</key>
		<dict>
			<key>children</key>
			<array>
				<string>768FB9791D5BE9A200251035</string>
				<string>76136D3B1D493713003DB433</string>
				<string>76EC36031D58EB600056D4CF</string>
				<string>76B7212A1D5E377D002B4491</string>
				<string>76B361C01D629F910024CDC7</string>
				<string>76B361C21D629FAD0024CDC7</string>
				<string>762F82911D6256E200549E1B</string>
				<string>762F82931D62573300549E1B</string>
				<string>762F82951D62574300549E1B</string>
				<string>76B361C81D64E8160024CDC7</string>
				<string>76B361C91D64E8160024CDC7</string>
				<string>76B361D01D64EA940024CDC7</string>
				<string>76C0E7511D80D770004EFA4C</string>
				<string>76C0E7521D80D770004EFA4C</string>
				<string>76C0E74D1D80D4BA004EFA4C</string>
				<string>76C0E74E1D80D4BA004EFA4C</string>
				<string>76B361D11D64EA940024CDC7</string>
				<string>76EE2B951D8766ED00EDB4CB</string>
				<string>76EE2B961D8766ED00EDB4CB</string>
			</array>
			<key>isa</key>
			<string>PBXGroup</string>
			<key>name</key>
			<string>Views</string>
			<key>sourceTree</key>
			<string>&lt;group&gt;</string>
		</dict>
		<key>76136D3B1D493713003DB433</key>
		<dict>
			<key>fileEncoding</key>
			<string>4</string>
			<key>isa</key>
			<string>PBXFileReference</string>
			<key>lastKnownFileType</key>
			<string>sourcecode.swift</string>
			<key>path</key>
			<string>LocationCell.swift</string>
			<key>sourceTree</key>
			<string>&lt;group&gt;</string>
		</dict>
		<key>76136D3C1D493713003DB433</key>
		<dict>
			<key>fileRef</key>
			<string>76136D3B1D493713003DB433</string>
			<key>isa</key>
			<string>PBXBuildFile</string>
		</dict>
		<key>76136D3D1D49373B003DB433</key>
		<dict>
			<key>children</key>
			<array>
				<string>76136D3E1D493786003DB433</string>
				<string>76D2E46A1D7F50AF00B7C939</string>
				<string>765036271D59170E0062BCF0</string>
				<string>768FB9771D5BB55000251035</string>
				<string>76A516681D60C721005E2815</string>
			</array>
			<key>isa</key>
			<string>PBXGroup</string>
			<key>name</key>
			<string>Models</string>
			<key>sourceTree</key>
			<string>&lt;group&gt;</string>
		</dict>
		<key>76136D3E1D493786003DB433</key>
		<dict>
			<key>fileEncoding</key>
			<string>4</string>
			<key>isa</key>
			<string>PBXFileReference</string>
			<key>lastKnownFileType</key>
			<string>sourcecode.swift</string>
			<key>path</key>
			<string>Location.swift</string>
			<key>sourceTree</key>
			<string>&lt;group&gt;</string>
		</dict>
		<key>76136D3F1D493786003DB433</key>
		<dict>
			<key>fileRef</key>
			<string>76136D3E1D493786003DB433</string>
			<key>isa</key>
			<string>PBXBuildFile</string>
		</dict>
		<key>76136D441D495E8E003DB433</key>
		<dict>
			<key>fileEncoding</key>
			<string>4</string>
			<key>isa</key>
			<string>PBXFileReference</string>
			<key>lastKnownFileType</key>
			<string>sourcecode.swift</string>
			<key>path</key>
			<string>FirebaseService.swift</string>
			<key>sourceTree</key>
			<string>&lt;group&gt;</string>
		</dict>
		<key>76136D451D495E8E003DB433</key>
		<dict>
			<key>fileRef</key>
			<string>76136D441D495E8E003DB433</string>
			<key>isa</key>
			<string>PBXBuildFile</string>
		</dict>
		<key>76136D461D49600B003DB433</key>
		<dict>
			<key>fileEncoding</key>
			<string>4</string>
			<key>isa</key>
			<string>PBXFileReference</string>
			<key>lastKnownFileType</key>
			<string>sourcecode.swift</string>
			<key>path</key>
			<string>LocationActions.swift</string>
			<key>sourceTree</key>
			<string>&lt;group&gt;</string>
		</dict>
		<key>76136D471D49600B003DB433</key>
		<dict>
			<key>fileRef</key>
			<string>76136D461D49600B003DB433</string>
			<key>isa</key>
			<string>PBXBuildFile</string>
		</dict>
		<key>76173B791D5784AC0093A137</key>
		<dict>
			<key>children</key>
			<array>
				<string>76173B7A1D5784AC0093A137</string>
			</array>
			<key>isa</key>
			<string>PBXVariantGroup</string>
			<key>name</key>
			<string>Main.storyboard</string>
			<key>sourceTree</key>
			<string>&lt;group&gt;</string>
		</dict>
		<key>76173B7A1D5784AC0093A137</key>
		<dict>
			<key>isa</key>
			<string>PBXFileReference</string>
			<key>lastKnownFileType</key>
			<string>file.storyboard</string>
			<key>name</key>
			<string>Base</string>
			<key>path</key>
			<string>Base.lproj/Main.storyboard</string>
			<key>sourceTree</key>
			<string>&lt;group&gt;</string>
		</dict>
		<key>76173B7B1D5784AC0093A137</key>
		<dict>
			<key>fileRef</key>
			<string>76173B791D5784AC0093A137</string>
			<key>isa</key>
			<string>PBXBuildFile</string>
		</dict>
		<key>762F82911D6256E200549E1B</key>
		<dict>
			<key>fileEncoding</key>
			<string>4</string>
			<key>isa</key>
			<string>PBXFileReference</string>
			<key>lastKnownFileType</key>
			<string>sourcecode.swift</string>
			<key>path</key>
			<string>MXTableViewController.swift</string>
			<key>sourceTree</key>
			<string>&lt;group&gt;</string>
		</dict>
		<key>762F82921D6256E200549E1B</key>
		<dict>
			<key>fileRef</key>
			<string>762F82911D6256E200549E1B</string>
			<key>isa</key>
			<string>PBXBuildFile</string>
		</dict>
		<key>762F82931D62573300549E1B</key>
		<dict>
			<key>fileEncoding</key>
			<string>4</string>
			<key>isa</key>
			<string>PBXFileReference</string>
			<key>lastKnownFileType</key>
			<string>sourcecode.swift</string>
			<key>path</key>
			<string>AboutViewController.swift</string>
			<key>sourceTree</key>
			<string>&lt;group&gt;</string>
		</dict>
		<key>762F82941D62573300549E1B</key>
		<dict>
			<key>fileRef</key>
			<string>762F82931D62573300549E1B</string>
			<key>isa</key>
			<string>PBXBuildFile</string>
		</dict>
		<key>762F82951D62574300549E1B</key>
		<dict>
			<key>fileEncoding</key>
			<string>4</string>
			<key>isa</key>
			<string>PBXFileReference</string>
			<key>lastKnownFileType</key>
			<string>sourcecode.swift</string>
			<key>path</key>
			<string>MXTextViewController.swift</string>
			<key>sourceTree</key>
			<string>&lt;group&gt;</string>
		</dict>
		<key>762F82961D62574300549E1B</key>
		<dict>
			<key>fileRef</key>
			<string>762F82951D62574300549E1B</string>
			<key>isa</key>
			<string>PBXBuildFile</string>
		</dict>
		<key>763566CE1D4A834A000BAA08</key>
		<dict>
			<key>children</key>
			<array>
				<string>767729811D5116930052CA17</string>
				<string>767729821D5116930052CA17</string>
				<string>763566CF1D4A835F000BAA08</string>
			</array>
			<key>isa</key>
			<string>PBXGroup</string>
			<key>name</key>
			<string>Extensions</string>
			<key>sourceTree</key>
			<string>&lt;group&gt;</string>
		</dict>
		<key>763566CF1D4A835F000BAA08</key>
		<dict>
			<key>fileEncoding</key>
			<string>4</string>
			<key>isa</key>
			<string>PBXFileReference</string>
			<key>lastKnownFileType</key>
			<string>sourcecode.swift</string>
			<key>path</key>
			<string>Extensions.swift</string>
			<key>sourceTree</key>
			<string>&lt;group&gt;</string>
		</dict>
		<key>763566D01D4A835F000BAA08</key>
		<dict>
			<key>fileRef</key>
			<string>763566CF1D4A835F000BAA08</string>
			<key>isa</key>
			<string>PBXBuildFile</string>
		</dict>
		<key>765036271D59170E0062BCF0</key>
		<dict>
			<key>fileEncoding</key>
			<string>4</string>
			<key>isa</key>
			<string>PBXFileReference</string>
			<key>lastKnownFileType</key>
			<string>sourcecode.swift</string>
			<key>path</key>
			<string>StoryItem.swift</string>
			<key>sourceTree</key>
			<string>&lt;group&gt;</string>
		</dict>
		<key>765036281D59170E0062BCF0</key>
		<dict>
			<key>fileRef</key>
			<string>765036271D59170E0062BCF0</string>
			<key>isa</key>
			<string>PBXBuildFile</string>
		</dict>
		<key>767729811D5116930052CA17</key>
		<dict>
			<key>fileEncoding</key>
			<string>4</string>
			<key>isa</key>
			<string>PBXFileReference</string>
			<key>lastKnownFileType</key>
			<string>sourcecode.swift</string>
			<key>path</key>
			<string>CWStatusBarNotification.swift</string>
			<key>sourceTree</key>
			<string>&lt;group&gt;</string>
		</dict>
		<key>767729821D5116930052CA17</key>
		<dict>
			<key>fileEncoding</key>
			<string>4</string>
			<key>isa</key>
			<string>PBXFileReference</string>
			<key>lastKnownFileType</key>
			<string>sourcecode.swift</string>
			<key>path</key>
			<string>CWStatusBarNotificationUtils.swift</string>
			<key>sourceTree</key>
			<string>&lt;group&gt;</string>
		</dict>
		<key>767729831D5116930052CA17</key>
		<dict>
			<key>fileRef</key>
			<string>767729811D5116930052CA17</string>
			<key>isa</key>
			<string>PBXBuildFile</string>
		</dict>
		<key>767729841D5116930052CA17</key>
		<dict>
			<key>fileRef</key>
			<string>767729821D5116930052CA17</string>
			<key>isa</key>
			<string>PBXBuildFile</string>
		</dict>
		<key>768C67671D586C26003A76D5</key>
		<dict>
			<key>fileEncoding</key>
			<string>4</string>
			<key>isa</key>
			<string>PBXFileReference</string>
			<key>lastKnownFileType</key>
			<string>sourcecode.swift</string>
			<key>path</key>
			<string>StoryViewController.swift</string>
			<key>sourceTree</key>
			<string>&lt;group&gt;</string>
		</dict>
		<key>768C67681D586C26003A76D5</key>
		<dict>
			<key>fileRef</key>
			<string>768C67671D586C26003A76D5</string>
			<key>isa</key>
			<string>PBXBuildFile</string>
		</dict>
		<key>768FB9771D5BB55000251035</key>
		<dict>
			<key>fileEncoding</key>
			<string>4</string>
			<key>isa</key>
			<string>PBXFileReference</string>
			<key>lastKnownFileType</key>
			<string>sourcecode.swift</string>
			<key>path</key>
			<string>User.swift</string>
			<key>sourceTree</key>
			<string>&lt;group&gt;</string>
		</dict>
		<key>768FB9781D5BB55000251035</key>
		<dict>
			<key>fileRef</key>
			<string>768FB9771D5BB55000251035</string>
			<key>isa</key>
			<string>PBXBuildFile</string>
		</dict>
		<key>768FB9791D5BE9A200251035</key>
		<dict>
			<key>fileEncoding</key>
			<string>4</string>
			<key>isa</key>
			<string>PBXFileReference</string>
			<key>lastKnownFileType</key>
			<string>sourcecode.swift</string>
			<key>path</key>
			<string>AuthorInfoView.swift</string>
			<key>sourceTree</key>
			<string>&lt;group&gt;</string>
		</dict>
		<key>768FB97A1D5BE9A200251035</key>
		<dict>
			<key>fileRef</key>
			<string>768FB9791D5BE9A200251035</string>
			<key>isa</key>
			<string>PBXBuildFile</string>
		</dict>
		<key>76A516661D60C69D005E2815</key>
		<dict>
			<key>fileEncoding</key>
			<string>4</string>
			<key>isa</key>
			<string>PBXFileReference</string>
			<key>lastKnownFileType</key>
			<string>sourcecode.swift</string>
			<key>path</key>
			<string>ChatViewController.swift</string>
			<key>sourceTree</key>
			<string>&lt;group&gt;</string>
		</dict>
		<key>76A516671D60C69D005E2815</key>
		<dict>
			<key>fileRef</key>
			<string>76A516661D60C69D005E2815</string>
			<key>isa</key>
			<string>PBXBuildFile</string>
		</dict>
		<key>76A516681D60C721005E2815</key>
		<dict>
			<key>fileEncoding</key>
			<string>4</string>
			<key>isa</key>
			<string>PBXFileReference</string>
			<key>lastKnownFileType</key>
			<string>sourcecode.swift</string>
			<key>path</key>
			<string>Message.swift</string>
			<key>sourceTree</key>
			<string>&lt;group&gt;</string>
		</dict>
		<key>76A516691D60C721005E2815</key>
		<dict>
			<key>fileRef</key>
			<string>76A516681D60C721005E2815</string>
			<key>isa</key>
			<string>PBXBuildFile</string>
		</dict>
		<key>76A5166B1D6103AF005E2815</key>
		<dict>
			<key>fileEncoding</key>
			<string>4</string>
			<key>isa</key>
			<string>PBXFileReference</string>
			<key>lastKnownFileType</key>
			<string>sourcecode.swift</string>
			<key>path</key>
			<string>ProfileViewController.swift</string>
			<key>sourceTree</key>
			<string>&lt;group&gt;</string>
		</dict>
		<key>76A5166C1D6103AF005E2815</key>
		<dict>
			<key>fileRef</key>
			<string>76A5166B1D6103AF005E2815</string>
			<key>isa</key>
			<string>PBXBuildFile</string>
		</dict>
		<key>76A5166D1D618CAD005E2815</key>
		<dict>
			<key>fileEncoding</key>
			<string>4</string>
			<key>isa</key>
			<string>PBXFileReference</string>
			<key>lastKnownFileType</key>
			<string>sourcecode.swift</string>
			<key>path</key>
			<string>LocationViewController.swift</string>
			<key>sourceTree</key>
			<string>&lt;group&gt;</string>
		</dict>
		<key>76A5166E1D618CAD005E2815</key>
		<dict>
			<key>fileRef</key>
			<string>76A5166D1D618CAD005E2815</string>
			<key>isa</key>
			<string>PBXBuildFile</string>
		</dict>
		<key>76A5166F1D618D51005E2815</key>
		<dict>
			<key>isa</key>
			<string>PBXFileReference</string>
			<key>lastKnownFileType</key>
			<string>image.jpeg</string>
			<key>path</key>
			<string>hoxton.jpg</string>
			<key>sourceTree</key>
			<string>&lt;group&gt;</string>
		</dict>
		<key>76A516701D618D51005E2815</key>
		<dict>
			<key>fileRef</key>
			<string>76A5166F1D618D51005E2815</string>
			<key>isa</key>
			<string>PBXBuildFile</string>
		</dict>
		<key>76B361C01D629F910024CDC7</key>
		<dict>
			<key>fileEncoding</key>
			<string>4</string>
			<key>isa</key>
			<string>PBXFileReference</string>
			<key>lastKnownFileType</key>
			<string>sourcecode.swift</string>
			<key>path</key>
			<string>HeaderView.swift</string>
			<key>sourceTree</key>
			<string>&lt;group&gt;</string>
		</dict>
		<key>76B361C11D629F910024CDC7</key>
		<dict>
			<key>fileRef</key>
			<string>76B361C01D629F910024CDC7</string>
			<key>isa</key>
			<string>PBXBuildFile</string>
		</dict>
		<key>76B361C21D629FAD0024CDC7</key>
		<dict>
			<key>fileEncoding</key>
			<string>4</string>
			<key>isa</key>
			<string>PBXFileReference</string>
			<key>lastKnownFileType</key>
			<string>file.xib</string>
			<key>path</key>
			<string>HeaderView.xib</string>
			<key>sourceTree</key>
			<string>&lt;group&gt;</string>
		</dict>
		<key>76B361C31D629FAD0024CDC7</key>
		<dict>
			<key>fileRef</key>
			<string>76B361C21D629FAD0024CDC7</string>
			<key>isa</key>
			<string>PBXBuildFile</string>
		</dict>
		<key>76B361C81D64E8160024CDC7</key>
		<dict>
			<key>fileEncoding</key>
			<string>4</string>
			<key>isa</key>
			<string>PBXFileReference</string>
			<key>lastKnownFileType</key>
			<string>sourcecode.swift</string>
			<key>path</key>
			<string>RatingViewController.swift</string>
			<key>sourceTree</key>
			<string>&lt;group&gt;</string>
		</dict>
		<key>76B361C91D64E8160024CDC7</key>
		<dict>
			<key>fileEncoding</key>
			<string>4</string>
			<key>isa</key>
			<string>PBXFileReference</string>
			<key>lastKnownFileType</key>
			<string>file.xib</string>
			<key>path</key>
			<string>RatingViewController.xib</string>
			<key>sourceTree</key>
			<string>&lt;group&gt;</string>
		</dict>
		<key>76B361CA1D64E8160024CDC7</key>
		<dict>
			<key>fileRef</key>
			<string>76B361C81D64E8160024CDC7</string>
			<key>isa</key>
			<string>PBXBuildFile</string>
		</dict>
		<key>76B361CB1D64E8160024CDC7</key>
		<dict>
			<key>fileRef</key>
			<string>76B361C91D64E8160024CDC7</string>
			<key>isa</key>
			<string>PBXBuildFile</string>
		</dict>
		<key>76B361CC1D64E85F0024CDC7</key>
		<dict>
			<key>fileEncoding</key>
			<string>4</string>
			<key>isa</key>
			<string>PBXFileReference</string>
			<key>lastKnownFileType</key>
			<string>sourcecode.swift</string>
			<key>path</key>
			<string>PopupViewController.swift</string>
			<key>sourceTree</key>
			<string>&lt;group&gt;</string>
		</dict>
		<key>76B361CD1D64E85F0024CDC7</key>
		<dict>
			<key>fileRef</key>
			<string>76B361CC1D64E85F0024CDC7</string>
			<key>isa</key>
			<string>PBXBuildFile</string>
		</dict>
		<key>76B361D01D64EA940024CDC7</key>
		<dict>
			<key>fileEncoding</key>
			<string>4</string>
			<key>isa</key>
			<string>PBXFileReference</string>
			<key>lastKnownFileType</key>
			<string>sourcecode.swift</string>
			<key>path</key>
			<string>CamViewController.swift</string>
			<key>sourceTree</key>
			<string>&lt;group&gt;</string>
		</dict>
		<key>76B361D11D64EA940024CDC7</key>
		<dict>
			<key>fileEncoding</key>
			<string>4</string>
			<key>isa</key>
			<string>PBXFileReference</string>
			<key>lastKnownFileType</key>
			<string>file.xib</string>
			<key>path</key>
			<string>CamViewController.xib</string>
			<key>sourceTree</key>
			<string>&lt;group&gt;</string>
		</dict>
		<key>76B361D21D64EA940024CDC7</key>
		<dict>
			<key>fileRef</key>
			<string>76B361D01D64EA940024CDC7</string>
			<key>isa</key>
			<string>PBXBuildFile</string>
		</dict>
		<key>76B361D31D64EA940024CDC7</key>
		<dict>
			<key>fileRef</key>
			<string>76B361D11D64EA940024CDC7</string>
			<key>isa</key>
			<string>PBXBuildFile</string>
		</dict>
		<key>76B361D41D6517A50024CDC7</key>
		<dict>
			<key>fileEncoding</key>
			<string>4</string>
			<key>isa</key>
			<string>PBXFileReference</string>
			<key>lastKnownFileType</key>
			<string>sourcecode.swift</string>
			<key>path</key>
			<string>PopUpTabBarController.swift</string>
			<key>sourceTree</key>
			<string>&lt;group&gt;</string>
		</dict>
		<key>76B361D51D6517A50024CDC7</key>
		<dict>
			<key>fileRef</key>
			<string>76B361D41D6517A50024CDC7</string>
			<key>isa</key>
			<string>PBXBuildFile</string>
		</dict>
		<key>76B361D61D6519ED0024CDC7</key>
		<dict>
			<key>fileEncoding</key>
			<string>4</string>
			<key>isa</key>
			<string>PBXFileReference</string>
			<key>lastKnownFileType</key>
			<string>sourcecode.swift</string>
			<key>path</key>
			<string>LocationService.swift</string>
			<key>sourceTree</key>
			<string>&lt;group&gt;</string>
		</dict>
		<key>76B361D71D6519ED0024CDC7</key>
		<dict>
			<key>fileRef</key>
			<string>76B361D61D6519ED0024CDC7</string>
			<key>isa</key>
			<string>PBXBuildFile</string>
		</dict>
		<key>76B361D81D651A020024CDC7</key>
		<dict>
			<key>children</key>
			<array>
				<string>76136D441D495E8E003DB433</string>
				<string>76B361D61D6519ED0024CDC7</string>
			</array>
			<key>isa</key>
			<string>PBXGroup</string>
			<key>name</key>
			<string>Services</string>
			<key>sourceTree</key>
			<string>&lt;group&gt;</string>
		</dict>
		<key>76B7212A1D5E377D002B4491</key>
		<dict>
			<key>fileEncoding</key>
			<string>4</string>
			<key>isa</key>
			<string>PBXFileReference</string>
			<key>lastKnownFileType</key>
			<string>sourcecode.swift</string>
			<key>path</key>
			<string>StoryProgressIndicator.swift</string>
			<key>sourceTree</key>
			<string>&lt;group&gt;</string>
		</dict>
		<key>76B7212B1D5E377D002B4491</key>
		<dict>
			<key>fileRef</key>
			<string>76B7212A1D5E377D002B4491</string>
			<key>isa</key>
			<string>PBXBuildFile</string>
		</dict>
		<key>76C0E74D1D80D4BA004EFA4C</key>
		<dict>
			<key>fileEncoding</key>
			<string>4</string>
			<key>isa</key>
			<string>PBXFileReference</string>
			<key>lastKnownFileType</key>
			<string>sourcecode.swift</string>
			<key>path</key>
			<string>VisitorsViewController.swift</string>
			<key>sourceTree</key>
			<string>&lt;group&gt;</string>
		</dict>
		<key>76C0E74E1D80D4BA004EFA4C</key>
		<dict>
			<key>fileEncoding</key>
			<string>4</string>
			<key>isa</key>
			<string>PBXFileReference</string>
			<key>lastKnownFileType</key>
			<string>file.xib</string>
			<key>path</key>
			<string>VisitorsViewController.xib</string>
			<key>sourceTree</key>
			<string>&lt;group&gt;</string>
		</dict>
		<key>76C0E74F1D80D4BA004EFA4C</key>
		<dict>
			<key>fileRef</key>
			<string>76C0E74D1D80D4BA004EFA4C</string>
			<key>isa</key>
			<string>PBXBuildFile</string>
		</dict>
		<key>76C0E7501D80D4BA004EFA4C</key>
		<dict>
			<key>fileRef</key>
			<string>76C0E74E1D80D4BA004EFA4C</string>
			<key>isa</key>
			<string>PBXBuildFile</string>
		</dict>
		<key>76C0E7511D80D770004EFA4C</key>
		<dict>
			<key>fileEncoding</key>
			<string>4</string>
			<key>isa</key>
			<string>PBXFileReference</string>
			<key>lastKnownFileType</key>
			<string>sourcecode.swift</string>
			<key>path</key>
			<string>VisitorCell.swift</string>
			<key>sourceTree</key>
			<string>&lt;group&gt;</string>
		</dict>
		<key>76C0E7521D80D770004EFA4C</key>
		<dict>
			<key>fileEncoding</key>
			<string>4</string>
			<key>isa</key>
			<string>PBXFileReference</string>
			<key>lastKnownFileType</key>
			<string>file.xib</string>
			<key>path</key>
			<string>VisitorCell.xib</string>
			<key>sourceTree</key>
			<string>&lt;group&gt;</string>
		</dict>
		<key>76C0E7531D80D770004EFA4C</key>
		<dict>
			<key>fileRef</key>
			<string>76C0E7511D80D770004EFA4C</string>
			<key>isa</key>
			<string>PBXBuildFile</string>
		</dict>
		<key>76C0E7541D80D770004EFA4C</key>
		<dict>
			<key>fileRef</key>
			<string>76C0E7521D80D770004EFA4C</string>
			<key>isa</key>
			<string>PBXBuildFile</string>
		</dict>
		<key>76D2E46A1D7F50AF00B7C939</key>
		<dict>
			<key>fileEncoding</key>
			<string>4</string>
			<key>isa</key>
			<string>PBXFileReference</string>
			<key>lastKnownFileType</key>
			<string>sourcecode.swift</string>
			<key>path</key>
			<string>City.swift</string>
			<key>sourceTree</key>
			<string>&lt;group&gt;</string>
		</dict>
		<key>76D2E46B1D7F50AF00B7C939</key>
		<dict>
			<key>fileRef</key>
			<string>76D2E46A1D7F50AF00B7C939</string>
			<key>isa</key>
			<string>PBXBuildFile</string>
		</dict>
		<key>76EC36031D58EB600056D4CF</key>
		<dict>
			<key>fileEncoding</key>
			<string>4</string>
			<key>isa</key>
			<string>PBXFileReference</string>
			<key>lastKnownFileType</key>
			<string>sourcecode.swift</string>
			<key>path</key>
			<string>CircleProgressView.swift</string>
			<key>sourceTree</key>
			<string>&lt;group&gt;</string>
		</dict>
		<key>76EC36041D58EB600056D4CF</key>
		<dict>
			<key>fileRef</key>
			<string>76EC36031D58EB600056D4CF</string>
			<key>isa</key>
			<string>PBXBuildFile</string>
		</dict>
		<key>76EE2B931D87653700EDB4CB</key>
		<dict>
			<key>fileEncoding</key>
			<string>4</string>
			<key>isa</key>
			<string>PBXFileReference</string>
			<key>lastKnownFileType</key>
			<string>sourcecode.swift</string>
			<key>path</key>
			<string>ActivityViewController.swift</string>
			<key>sourceTree</key>
			<string>&lt;group&gt;</string>
		</dict>
		<key>76EE2B941D87653700EDB4CB</key>
		<dict>
			<key>fileRef</key>
			<string>76EE2B931D87653700EDB4CB</string>
			<key>isa</key>
			<string>PBXBuildFile</string>
		</dict>
		<key>76EE2B951D8766ED00EDB4CB</key>
		<dict>
			<key>fileEncoding</key>
			<string>4</string>
			<key>isa</key>
			<string>PBXFileReference</string>
			<key>lastKnownFileType</key>
			<string>sourcecode.swift</string>
			<key>path</key>
			<string>ActivityFriendRequestCell.swift</string>
			<key>sourceTree</key>
			<string>&lt;group&gt;</string>
		</dict>
		<key>76EE2B961D8766ED00EDB4CB</key>
		<dict>
			<key>fileEncoding</key>
			<string>4</string>
			<key>isa</key>
			<string>PBXFileReference</string>
			<key>lastKnownFileType</key>
			<string>file.xib</string>
			<key>path</key>
			<string>ActivityFriendRequestCell.xib</string>
			<key>sourceTree</key>
			<string>&lt;group&gt;</string>
		</dict>
		<key>76EE2B971D8766ED00EDB4CB</key>
		<dict>
			<key>fileRef</key>
			<string>76EE2B951D8766ED00EDB4CB</string>
			<key>isa</key>
			<string>PBXBuildFile</string>
		</dict>
		<key>76EE2B981D8766ED00EDB4CB</key>
		<dict>
			<key>fileRef</key>
			<string>76EE2B961D8766ED00EDB4CB</string>
			<key>isa</key>
			<string>PBXBuildFile</string>
		</dict>
		<key>76F921BF1D5687910083309B</key>
		<dict>
			<key>isa</key>
			<string>PBXFileReference</string>
			<key>lastKnownFileType</key>
			<string>wrapper.framework</string>
			<key>name</key>
			<string>LNPopupController.framework</string>
			<key>path</key>
			<string>Carthage/Build/iOS/LNPopupController.framework</string>
			<key>sourceTree</key>
			<string>&lt;group&gt;</string>
		</dict>
		<key>76F921C41D5689360083309B</key>
		<dict>
			<key>fileRef</key>
			<string>76F921BF1D5687910083309B</string>
			<key>isa</key>
			<string>PBXBuildFile</string>
		</dict>
		<key>76F921C51D5689360083309B</key>
		<dict>
			<key>fileRef</key>
			<string>76F921BF1D5687910083309B</string>
			<key>isa</key>
			<string>PBXBuildFile</string>
			<key>settings</key>
			<dict>
				<key>ATTRIBUTES</key>
				<array>
					<string>CodeSignOnCopy</string>
					<string>RemoveHeadersOnCopy</string>
				</array>
			</dict>
		</dict>
		<key>76F921C61D5689360083309B</key>
		<dict>
			<key>buildActionMask</key>
			<string>2147483647</string>
			<key>dstPath</key>
			<string></string>
			<key>dstSubfolderSpec</key>
			<string>10</string>
			<key>files</key>
			<array>
				<string>76F921C51D5689360083309B</string>
			</array>
			<key>isa</key>
			<string>PBXCopyFilesBuildPhase</string>
			<key>name</key>
			<string>Embed Frameworks</string>
			<key>runOnlyForDeploymentPostprocessing</key>
			<string>0</string>
		</dict>
		<key>76FF2E6A1D566D6A00E04EE3</key>
		<dict>
			<key>fileEncoding</key>
			<string>4</string>
			<key>isa</key>
			<string>PBXFileReference</string>
			<key>lastKnownFileType</key>
			<string>sourcecode.swift</string>
			<key>path</key>
			<string>CameraViewController.swift</string>
			<key>sourceTree</key>
			<string>&lt;group&gt;</string>
		</dict>
		<key>76FF2E6B1D566D6A00E04EE3</key>
		<dict>
			<key>fileRef</key>
			<string>76FF2E6A1D566D6A00E04EE3</string>
			<key>isa</key>
			<string>PBXBuildFile</string>
		</dict>
		<key>78900DEC646178706F90C153</key>
		<dict>
			<key>children</key>
			<array>
				<string>76F921BF1D5687910083309B</string>
				<string>B0873AC51D3EB8CC00862960</string>
				<string>B0873AC61D3EB8CC00862960</string>
				<string>B0873AC71D3EB8CC00862960</string>
				<string>B94CEED3E5EDAB7563AD9187</string>
			</array>
			<key>isa</key>
			<string>PBXGroup</string>
			<key>name</key>
			<string>Frameworks</string>
			<key>sourceTree</key>
			<string>&lt;group&gt;</string>
		</dict>
		<key>A04261A9603119500B5BD1FA</key>
		<dict>
			<key>fileRef</key>
			<string>B94CEED3E5EDAB7563AD9187</string>
			<key>isa</key>
			<string>PBXBuildFile</string>
		</dict>
		<key>B030D9541D426A9800ED27F2</key>
		<dict>
			<key>fileEncoding</key>
			<string>4</string>
			<key>isa</key>
			<string>PBXFileReference</string>
			<key>lastKnownFileType</key>
			<string>sourcecode.swift</string>
			<key>path</key>
			<string>Routes.swift</string>
			<key>sourceTree</key>
			<string>&lt;group&gt;</string>
		</dict>
		<key>B030D9551D426A9800ED27F2</key>
		<dict>
			<key>fileRef</key>
			<string>B030D9541D426A9800ED27F2</string>
			<key>isa</key>
			<string>PBXBuildFile</string>
		</dict>
		<key>B05ABCF61D41177500364322</key>
		<dict>
			<key>children</key>
			<array>
				<string>B05ABCFC1D41185200364322</string>
			</array>
			<key>isa</key>
			<string>PBXGroup</string>
			<key>name</key>
			<string>Reducers</string>
			<key>sourceTree</key>
			<string>&lt;group&gt;</string>
		</dict>
		<key>B05ABCF71D41177A00364322</key>
		<dict>
			<key>children</key>
			<array>
				<string>B05ABCFA1D4117CB00364322</string>
				<string>76136D461D49600B003DB433</string>
			</array>
			<key>isa</key>
			<string>PBXGroup</string>
			<key>name</key>
			<string>Actions</string>
			<key>sourceTree</key>
			<string>&lt;group&gt;</string>
		</dict>
		<key>B05ABCF81D41178D00364322</key>
		<dict>
			<key>fileEncoding</key>
			<string>4</string>
			<key>isa</key>
			<string>PBXFileReference</string>
			<key>lastKnownFileType</key>
			<string>sourcecode.swift</string>
			<key>path</key>
			<string>AppState.swift</string>
			<key>sourceTree</key>
			<string>&lt;group&gt;</string>
		</dict>
		<key>B05ABCF91D41178D00364322</key>
		<dict>
			<key>fileRef</key>
			<string>B05ABCF81D41178D00364322</string>
			<key>isa</key>
			<string>PBXBuildFile</string>
		</dict>
		<key>B05ABCFA1D4117CB00364322</key>
		<dict>
			<key>fileEncoding</key>
			<string>4</string>
			<key>isa</key>
			<string>PBXFileReference</string>
			<key>lastKnownFileType</key>
			<string>sourcecode.swift</string>
			<key>path</key>
			<string>UserStateActions.swift</string>
			<key>sourceTree</key>
			<string>&lt;group&gt;</string>
		</dict>
		<key>B05ABCFB1D4117CB00364322</key>
		<dict>
			<key>fileRef</key>
			<string>B05ABCFA1D4117CB00364322</string>
			<key>isa</key>
			<string>PBXBuildFile</string>
		</dict>
		<key>B05ABCFC1D41185200364322</key>
		<dict>
			<key>fileEncoding</key>
			<string>4</string>
			<key>isa</key>
			<string>PBXFileReference</string>
			<key>lastKnownFileType</key>
			<string>sourcecode.swift</string>
			<key>path</key>
			<string>Reducer.swift</string>
			<key>sourceTree</key>
			<string>&lt;group&gt;</string>
		</dict>
		<key>B05ABCFD1D41185200364322</key>
		<dict>
			<key>fileRef</key>
			<string>B05ABCFC1D41185200364322</string>
			<key>isa</key>
			<string>PBXBuildFile</string>
		</dict>
		<key>B05ABD001D41201E00364322</key>
		<dict>
			<key>children</key>
			<array>
				<string>B030D9541D426A9800ED27F2</string>
			</array>
			<key>isa</key>
			<string>PBXGroup</string>
			<key>name</key>
			<string>Routes</string>
			<key>sourceTree</key>
			<string>&lt;group&gt;</string>
		</dict>
		<key>B05ABD031D41211100364322</key>
		<dict>
			<key>fileEncoding</key>
			<string>4</string>
			<key>isa</key>
			<string>PBXFileReference</string>
			<key>lastKnownFileType</key>
			<string>sourcecode.swift</string>
			<key>path</key>
			<string>MainViewController.swift</string>
			<key>sourceTree</key>
			<string>&lt;group&gt;</string>
		</dict>
		<key>B05ABD041D41211100364322</key>
		<dict>
			<key>fileRef</key>
			<string>B05ABD031D41211100364322</string>
			<key>isa</key>
			<string>PBXBuildFile</string>
		</dict>
		<key>B07E70841D3FC23700193D37</key>
		<dict>
			<key>children</key>
			<array>
				<string>B05ABCF81D41178D00364322</string>
			</array>
			<key>isa</key>
			<string>PBXGroup</string>
			<key>name</key>
			<string>State</string>
			<key>sourceTree</key>
			<string>&lt;group&gt;</string>
		</dict>
		<key>B0873AC51D3EB8CC00862960</key>
		<dict>
			<key>isa</key>
			<string>PBXFileReference</string>
			<key>lastKnownFileType</key>
			<string>wrapper.framework</string>
			<key>path</key>
			<string>FBSDKCoreKit.framework</string>
			<key>sourceTree</key>
			<string>&lt;group&gt;</string>
		</dict>
		<key>B0873AC61D3EB8CC00862960</key>
		<dict>
			<key>isa</key>
			<string>PBXFileReference</string>
			<key>lastKnownFileType</key>
			<string>wrapper.framework</string>
			<key>path</key>
			<string>FBSDKLoginKit.framework</string>
			<key>sourceTree</key>
			<string>&lt;group&gt;</string>
		</dict>
		<key>B0873AC71D3EB8CC00862960</key>
		<dict>
			<key>isa</key>
			<string>PBXFileReference</string>
			<key>lastKnownFileType</key>
			<string>wrapper.framework</string>
			<key>path</key>
			<string>FBSDKShareKit.framework</string>
			<key>sourceTree</key>
			<string>&lt;group&gt;</string>
		</dict>
		<key>B0873AC81D3EB8CC00862960</key>
		<dict>
			<key>fileRef</key>
			<string>B0873AC51D3EB8CC00862960</string>
			<key>isa</key>
			<string>PBXBuildFile</string>
		</dict>
		<key>B0873AC91D3EB8CC00862960</key>
		<dict>
			<key>fileRef</key>
			<string>B0873AC61D3EB8CC00862960</string>
			<key>isa</key>
			<string>PBXBuildFile</string>
		</dict>
		<key>B0873ACA1D3EB8CC00862960</key>
		<dict>
			<key>fileRef</key>
			<string>B0873AC71D3EB8CC00862960</string>
			<key>isa</key>
			<string>PBXBuildFile</string>
		</dict>
		<key>B0FF11381D3EB32000D709CE</key>
		<dict>
			<key>children</key>
			<array>
				<string>B0FF11431D3EB32100D709CE</string>
				<string>B0FF11421D3EB32000D709CE</string>
				<string>78900DEC646178706F90C153</string>
				<string>EA7DB9A03DB1EBCFC1720EDB</string>
			</array>
			<key>isa</key>
			<string>PBXGroup</string>
			<key>sourceTree</key>
			<string>&lt;group&gt;</string>
		</dict>
		<key>B0FF11391D3EB32000D709CE</key>
		<dict>
			<key>attributes</key>
			<dict>
				<key>LastSwiftUpdateCheck</key>
				<string>0730</string>
				<key>LastUpgradeCheck</key>
				<string>0730</string>
				<key>ORGANIZATIONNAME</key>
				<string>Robert Canton</string>
				<key>TargetAttributes</key>
				<dict>
					<key>B0FF11401D3EB32000D709CE</key>
					<dict>
						<key>CreatedOnToolsVersion</key>
						<string>7.3</string>
						<key>DevelopmentTeam</key>
						<string>6BES3VUFCX</string>
						<key>SystemCapabilities</key>
						<dict>
							<key>com.apple.BackgroundModes</key>
							<dict>
								<key>enabled</key>
								<string>1</string>
							</dict>
						</dict>
					</dict>
				</dict>
			</dict>
			<key>buildConfigurationList</key>
			<string>B0FF113C1D3EB32000D709CE</string>
			<key>compatibilityVersion</key>
			<string>Xcode 3.2</string>
			<key>developmentRegion</key>
			<string>English</string>
			<key>hasScannedForEncodings</key>
			<string>0</string>
			<key>isa</key>
			<string>PBXProject</string>
			<key>knownRegions</key>
			<array>
				<string>en</string>
				<string>Base</string>
			</array>
			<key>mainGroup</key>
			<string>B0FF11381D3EB32000D709CE</string>
			<key>productRefGroup</key>
			<string>B0FF11421D3EB32000D709CE</string>
			<key>projectDirPath</key>
			<string></string>
			<key>projectReferences</key>
			<array/>
			<key>projectRoot</key>
			<string></string>
			<key>targets</key>
			<array>
				<string>B0FF11401D3EB32000D709CE</string>
			</array>
		</dict>
		<key>B0FF113C1D3EB32000D709CE</key>
		<dict>
			<key>buildConfigurations</key>
			<array>
				<string>B0FF11511D3EB32100D709CE</string>
				<string>B0FF11521D3EB32100D709CE</string>
			</array>
			<key>defaultConfigurationIsVisible</key>
			<string>0</string>
			<key>defaultConfigurationName</key>
			<string>Release</string>
			<key>isa</key>
			<string>XCConfigurationList</string>
		</dict>
		<key>B0FF113D1D3EB32000D709CE</key>
		<dict>
			<key>buildActionMask</key>
			<string>2147483647</string>
			<key>files</key>
			<array>
				<string>76B361D21D64EA940024CDC7</string>
				<string>768C67681D586C26003A76D5</string>
				<string>76D2E46B1D7F50AF00B7C939</string>
				<string>B0FF11471D3EB32100D709CE</string>
				<string>76136D3F1D493786003DB433</string>
				<string>765036281D59170E0062BCF0</string>
				<string>762F82961D62574300549E1B</string>
				<string>767729831D5116930052CA17</string>
				<string>76EE2B971D8766ED00EDB4CB</string>
				<string>B030D9551D426A9800ED27F2</string>
				<string>762F82941D62573300549E1B</string>
				<string>76B361D51D6517A50024CDC7</string>
				<string>76A5166C1D6103AF005E2815</string>
				<string>76A5166E1D618CAD005E2815</string>
				<string>76C0E74F1D80D4BA004EFA4C</string>
				<string>76B361D71D6519ED0024CDC7</string>
				<string>76136D471D49600B003DB433</string>
				<string>76C0E7531D80D770004EFA4C</string>
				<string>76B361CA1D64E8160024CDC7</string>
				<string>76136D391D4933F6003DB433</string>
				<string>762F82921D6256E200549E1B</string>
				<string>768FB97A1D5BE9A200251035</string>
				<string>76A516691D60C721005E2815</string>
				<string>76B361C11D629F910024CDC7</string>
				<string>76B7212B1D5E377D002B4491</string>
				<string>76B361CD1D64E85F0024CDC7</string>
				<string>B0FF11451D3EB32100D709CE</string>
				<string>768FB9781D5BB55000251035</string>
				<string>B05ABCFD1D41185200364322</string>
				<string>767729841D5116930052CA17</string>
				<string>B05ABCF91D41178D00364322</string>
				<string>76136D3C1D493713003DB433</string>
				<string>76A516671D60C69D005E2815</string>
				<string>B05ABCFB1D4117CB00364322</string>
				<string>76136D451D495E8E003DB433</string>
				<string>76EE2B941D87653700EDB4CB</string>
				<string>76EC36041D58EB600056D4CF</string>
				<string>B05ABD041D41211100364322</string>
				<string>763566D01D4A835F000BAA08</string>
				<string>76FF2E6B1D566D6A00E04EE3</string>
			</array>
			<key>isa</key>
			<string>PBXSourcesBuildPhase</string>
			<key>runOnlyForDeploymentPostprocessing</key>
			<string>0</string>
		</dict>
		<key>B0FF113E1D3EB32000D709CE</key>
		<dict>
			<key>buildActionMask</key>
			<string>2147483647</string>
			<key>files</key>
			<array>
				<string>B0873AC81D3EB8CC00862960</string>
				<string>76F921C41D5689360083309B</string>
				<string>B0873ACA1D3EB8CC00862960</string>
				<string>B0873AC91D3EB8CC00862960</string>
				<string>A04261A9603119500B5BD1FA</string>
			</array>
			<key>isa</key>
			<string>PBXFrameworksBuildPhase</string>
			<key>runOnlyForDeploymentPostprocessing</key>
			<string>0</string>
		</dict>
		<key>B0FF113F1D3EB32000D709CE</key>
		<dict>
			<key>buildActionMask</key>
			<string>2147483647</string>
			<key>files</key>
			<array>
				<string>76C0E7541D80D770004EFA4C</string>
				<string>76EE2B981D8766ED00EDB4CB</string>
				<string>B0FF114F1D3EB32100D709CE</string>
				<string>B0FF11571D3EB33100D709CE</string>
				<string>76C0E7501D80D4BA004EFA4C</string>
				<string>76A516701D618D51005E2815</string>
				<string>B0FF114C1D3EB32100D709CE</string>
				<string>76B361CB1D64E8160024CDC7</string>
				<string>76173B7B1D5784AC0093A137</string>
				<string>76B361D31D64EA940024CDC7</string>
				<string>76B361C31D629FAD0024CDC7</string>
			</array>
			<key>isa</key>
			<string>PBXResourcesBuildPhase</string>
			<key>runOnlyForDeploymentPostprocessing</key>
			<string>0</string>
		</dict>
		<key>B0FF11401D3EB32000D709CE</key>
		<dict>
			<key>buildConfigurationList</key>
			<string>B0FF11531D3EB32100D709CE</string>
			<key>buildPhases</key>
			<array>
				<string>7571A02647713C629465B84B</string>
				<string>B0FF113D1D3EB32000D709CE</string>
				<string>B0FF113E1D3EB32000D709CE</string>
				<string>B0FF113F1D3EB32000D709CE</string>
				<string>45B4BEB9C2C854AA28671B33</string>
				<string>4E2D9C43FC4D003089A35D25</string>
				<string>76F921C61D5689360083309B</string>
				<string>EF0045AECE49A3B2D6971A2F</string>
			</array>
			<key>buildRules</key>
			<array/>
			<key>dependencies</key>
			<array/>
			<key>isa</key>
			<string>PBXNativeTarget</string>
			<key>name</key>
			<string>Lit</string>
			<key>productName</key>
			<string>Lit</string>
			<key>productReference</key>
			<string>B0FF11411D3EB32000D709CE</string>
			<key>productType</key>
			<string>com.apple.product-type.application</string>
		</dict>
		<key>B0FF11411D3EB32000D709CE</key>
		<dict>
			<key>explicitFileType</key>
			<string>wrapper.application</string>
			<key>includeInIndex</key>
			<string>0</string>
			<key>isa</key>
			<string>PBXFileReference</string>
			<key>path</key>
			<string>Lit.app</string>
			<key>sourceTree</key>
			<string>BUILT_PRODUCTS_DIR</string>
		</dict>
		<key>B0FF11421D3EB32000D709CE</key>
		<dict>
			<key>children</key>
			<array>
				<string>B0FF11411D3EB32000D709CE</string>
			</array>
			<key>isa</key>
			<string>PBXGroup</string>
			<key>name</key>
			<string>Products</string>
			<key>sourceTree</key>
			<string>&lt;group&gt;</string>
		</dict>
		<key>B0FF11431D3EB32100D709CE</key>
		<dict>
			<key>children</key>
			<array>
				<string>763566CE1D4A834A000BAA08</string>
				<string>76136D3D1D49373B003DB433</string>
				<string>76136D3A1D49370A003DB433</string>
				<string>76136D361D4933E1003DB433</string>
				<string>B05ABD001D41201E00364322</string>
				<string>B05ABCF71D41177A00364322</string>
				<string>B05ABCF61D41177500364322</string>
				<string>B07E70841D3FC23700193D37</string>
				<string>B0FF11441D3EB32100D709CE</string>
				<string>B0FF114B1D3EB32100D709CE</string>
				<string>76B361D81D651A020024CDC7</string>
				<string>B05ABD031D41211100364322</string>
				<string>76A5166D1D618CAD005E2815</string>
				<string>76A5166B1D6103AF005E2815</string>
				<string>76A516661D60C69D005E2815</string>
				<string>76FF2E6A1D566D6A00E04EE3</string>
				<string>76B361D41D6517A50024CDC7</string>
				<string>768C67671D586C26003A76D5</string>
				<string>B0FF11461D3EB32100D709CE</string>
				<string>76B361CC1D64E85F0024CDC7</string>
				<string>76173B791D5784AC0093A137</string>
				<string>76EE2B931D87653700EDB4CB</string>
				<string>B0FF114D1D3EB32100D709CE</string>
				<string>B0FF11501D3EB32100D709CE</string>
				<string>B0FF11561D3EB33100D709CE</string>
				<string>76A5166F1D618D51005E2815</string>
			</array>
			<key>isa</key>
			<string>PBXGroup</string>
			<key>path</key>
			<string>Lit</string>
			<key>sourceTree</key>
			<string>&lt;group&gt;</string>
		</dict>
		<key>B0FF11441D3EB32100D709CE</key>
		<dict>
			<key>isa</key>
			<string>PBXFileReference</string>
			<key>lastKnownFileType</key>
			<string>sourcecode.swift</string>
			<key>path</key>
			<string>AppDelegate.swift</string>
			<key>sourceTree</key>
			<string>&lt;group&gt;</string>
		</dict>
		<key>B0FF11451D3EB32100D709CE</key>
		<dict>
			<key>fileRef</key>
			<string>B0FF11441D3EB32100D709CE</string>
			<key>isa</key>
			<string>PBXBuildFile</string>
		</dict>
		<key>B0FF11461D3EB32100D709CE</key>
		<dict>
			<key>isa</key>
			<string>PBXFileReference</string>
			<key>lastKnownFileType</key>
			<string>sourcecode.swift</string>
			<key>path</key>
			<string>LoginViewController.swift</string>
			<key>sourceTree</key>
			<string>&lt;group&gt;</string>
		</dict>
		<key>B0FF11471D3EB32100D709CE</key>
		<dict>
			<key>fileRef</key>
			<string>B0FF11461D3EB32100D709CE</string>
			<key>isa</key>
			<string>PBXBuildFile</string>
		</dict>
		<key>B0FF114B1D3EB32100D709CE</key>
		<dict>
			<key>isa</key>
			<string>PBXFileReference</string>
			<key>lastKnownFileType</key>
			<string>folder.assetcatalog</string>
			<key>path</key>
			<string>Assets.xcassets</string>
			<key>sourceTree</key>
			<string>&lt;group&gt;</string>
		</dict>
		<key>B0FF114C1D3EB32100D709CE</key>
		<dict>
			<key>fileRef</key>
			<string>B0FF114B1D3EB32100D709CE</string>
			<key>isa</key>
			<string>PBXBuildFile</string>
		</dict>
		<key>B0FF114D1D3EB32100D709CE</key>
		<dict>
			<key>children</key>
			<array>
				<string>B0FF114E1D3EB32100D709CE</string>
			</array>
			<key>isa</key>
			<string>PBXVariantGroup</string>
			<key>name</key>
			<string>LaunchScreen.storyboard</string>
			<key>sourceTree</key>
			<string>&lt;group&gt;</string>
		</dict>
		<key>B0FF114E1D3EB32100D709CE</key>
		<dict>
			<key>isa</key>
			<string>PBXFileReference</string>
			<key>lastKnownFileType</key>
			<string>file.storyboard</string>
			<key>name</key>
			<string>Base</string>
			<key>path</key>
			<string>Base.lproj/LaunchScreen.storyboard</string>
			<key>sourceTree</key>
			<string>&lt;group&gt;</string>
		</dict>
		<key>B0FF114F1D3EB32100D709CE</key>
		<dict>
			<key>fileRef</key>
			<string>B0FF114D1D3EB32100D709CE</string>
			<key>isa</key>
			<string>PBXBuildFile</string>
		</dict>
		<key>B0FF11501D3EB32100D709CE</key>
		<dict>
			<key>isa</key>
			<string>PBXFileReference</string>
			<key>lastKnownFileType</key>
			<string>text.plist.xml</string>
			<key>path</key>
			<string>Info.plist</string>
			<key>sourceTree</key>
			<string>&lt;group&gt;</string>
		</dict>
		<key>B0FF11511D3EB32100D709CE</key>
		<dict>
			<key>buildSettings</key>
			<dict>
				<key>ALWAYS_SEARCH_USER_PATHS</key>
				<string>NO</string>
				<key>CLANG_ANALYZER_NONNULL</key>
				<string>YES</string>
				<key>CLANG_CXX_LANGUAGE_STANDARD</key>
				<string>gnu++0x</string>
				<key>CLANG_CXX_LIBRARY</key>
				<string>libc++</string>
				<key>CLANG_ENABLE_MODULES</key>
				<string>YES</string>
				<key>CLANG_ENABLE_OBJC_ARC</key>
				<string>YES</string>
				<key>CLANG_WARN_BOOL_CONVERSION</key>
				<string>YES</string>
				<key>CLANG_WARN_CONSTANT_CONVERSION</key>
				<string>YES</string>
				<key>CLANG_WARN_DIRECT_OBJC_ISA_USAGE</key>
				<string>YES_ERROR</string>
				<key>CLANG_WARN_EMPTY_BODY</key>
				<string>YES</string>
				<key>CLANG_WARN_ENUM_CONVERSION</key>
				<string>YES</string>
				<key>CLANG_WARN_INT_CONVERSION</key>
				<string>YES</string>
				<key>CLANG_WARN_OBJC_ROOT_CLASS</key>
				<string>YES_ERROR</string>
				<key>CLANG_WARN_UNREACHABLE_CODE</key>
				<string>YES</string>
				<key>CLANG_WARN__DUPLICATE_METHOD_MATCH</key>
				<string>YES</string>
				<key>CODE_SIGN_IDENTITY[sdk=iphoneos*]</key>
				<string>iPhone Developer</string>
				<key>COPY_PHASE_STRIP</key>
				<string>NO</string>
				<key>DEBUG_INFORMATION_FORMAT</key>
				<string>dwarf</string>
				<key>ENABLE_STRICT_OBJC_MSGSEND</key>
				<string>YES</string>
				<key>ENABLE_TESTABILITY</key>
				<string>YES</string>
				<key>GCC_C_LANGUAGE_STANDARD</key>
				<string>gnu99</string>
				<key>GCC_DYNAMIC_NO_PIC</key>
				<string>NO</string>
				<key>GCC_NO_COMMON_BLOCKS</key>
				<string>YES</string>
				<key>GCC_OPTIMIZATION_LEVEL</key>
				<string>0</string>
				<key>GCC_PREPROCESSOR_DEFINITIONS</key>
				<array>
					<string>DEBUG=1</string>
					<string>$(inherited)</string>
				</array>
				<key>GCC_WARN_64_TO_32_BIT_CONVERSION</key>
				<string>YES</string>
				<key>GCC_WARN_ABOUT_RETURN_TYPE</key>
				<string>YES_ERROR</string>
				<key>GCC_WARN_UNDECLARED_SELECTOR</key>
				<string>YES</string>
				<key>GCC_WARN_UNINITIALIZED_AUTOS</key>
				<string>YES_AGGRESSIVE</string>
				<key>GCC_WARN_UNUSED_FUNCTION</key>
				<string>YES</string>
				<key>GCC_WARN_UNUSED_VARIABLE</key>
				<string>YES</string>
				<key>IPHONEOS_DEPLOYMENT_TARGET</key>
				<string>9.3</string>
				<key>MTL_ENABLE_DEBUG_INFO</key>
				<string>YES</string>
				<key>ONLY_ACTIVE_ARCH</key>
				<string>YES</string>
				<key>SDKROOT</key>
				<string>iphoneos</string>
				<key>SWIFT_OPTIMIZATION_LEVEL</key>
				<string>-Onone</string>
			</dict>
			<key>isa</key>
			<string>XCBuildConfiguration</string>
			<key>name</key>
			<string>Debug</string>
		</dict>
		<key>B0FF11521D3EB32100D709CE</key>
		<dict>
			<key>buildSettings</key>
			<dict>
				<key>ALWAYS_SEARCH_USER_PATHS</key>
				<string>NO</string>
				<key>CLANG_ANALYZER_NONNULL</key>
				<string>YES</string>
				<key>CLANG_CXX_LANGUAGE_STANDARD</key>
				<string>gnu++0x</string>
				<key>CLANG_CXX_LIBRARY</key>
				<string>libc++</string>
				<key>CLANG_ENABLE_MODULES</key>
				<string>YES</string>
				<key>CLANG_ENABLE_OBJC_ARC</key>
				<string>YES</string>
				<key>CLANG_WARN_BOOL_CONVERSION</key>
				<string>YES</string>
				<key>CLANG_WARN_CONSTANT_CONVERSION</key>
				<string>YES</string>
				<key>CLANG_WARN_DIRECT_OBJC_ISA_USAGE</key>
				<string>YES_ERROR</string>
				<key>CLANG_WARN_EMPTY_BODY</key>
				<string>YES</string>
				<key>CLANG_WARN_ENUM_CONVERSION</key>
				<string>YES</string>
				<key>CLANG_WARN_INT_CONVERSION</key>
				<string>YES</string>
				<key>CLANG_WARN_OBJC_ROOT_CLASS</key>
				<string>YES_ERROR</string>
				<key>CLANG_WARN_UNREACHABLE_CODE</key>
				<string>YES</string>
				<key>CLANG_WARN__DUPLICATE_METHOD_MATCH</key>
				<string>YES</string>
				<key>CODE_SIGN_IDENTITY[sdk=iphoneos*]</key>
				<string>iPhone Developer</string>
				<key>COPY_PHASE_STRIP</key>
				<string>NO</string>
				<key>DEBUG_INFORMATION_FORMAT</key>
				<string>dwarf-with-dsym</string>
				<key>ENABLE_NS_ASSERTIONS</key>
				<string>NO</string>
				<key>ENABLE_STRICT_OBJC_MSGSEND</key>
				<string>YES</string>
				<key>GCC_C_LANGUAGE_STANDARD</key>
				<string>gnu99</string>
				<key>GCC_NO_COMMON_BLOCKS</key>
				<string>YES</string>
				<key>GCC_WARN_64_TO_32_BIT_CONVERSION</key>
				<string>YES</string>
				<key>GCC_WARN_ABOUT_RETURN_TYPE</key>
				<string>YES_ERROR</string>
				<key>GCC_WARN_UNDECLARED_SELECTOR</key>
				<string>YES</string>
				<key>GCC_WARN_UNINITIALIZED_AUTOS</key>
				<string>YES_AGGRESSIVE</string>
				<key>GCC_WARN_UNUSED_FUNCTION</key>
				<string>YES</string>
				<key>GCC_WARN_UNUSED_VARIABLE</key>
				<string>YES</string>
				<key>IPHONEOS_DEPLOYMENT_TARGET</key>
				<string>9.3</string>
				<key>MTL_ENABLE_DEBUG_INFO</key>
				<string>NO</string>
				<key>SDKROOT</key>
				<string>iphoneos</string>
				<key>VALIDATE_PRODUCT</key>
				<string>YES</string>
			</dict>
			<key>isa</key>
			<string>XCBuildConfiguration</string>
			<key>name</key>
			<string>Release</string>
		</dict>
		<key>B0FF11531D3EB32100D709CE</key>
		<dict>
			<key>buildConfigurations</key>
			<array>
				<string>B0FF11541D3EB32100D709CE</string>
				<string>B0FF11551D3EB32100D709CE</string>
			</array>
			<key>defaultConfigurationIsVisible</key>
			<string>0</string>
			<key>defaultConfigurationName</key>
			<string>Release</string>
			<key>isa</key>
			<string>XCConfigurationList</string>
		</dict>
		<key>B0FF11541D3EB32100D709CE</key>
		<dict>
			<key>baseConfigurationReference</key>
			<string>E1C54BA1F6EC61ADE8C7D128</string>
			<key>buildSettings</key>
			<dict>
				<key>ASSETCATALOG_COMPILER_APPICON_NAME</key>
				<string>AppIcon</string>
				<key>CODE_SIGN_IDENTITY</key>
				<string>iPhone Developer</string>
				<key>FRAMEWORK_SEARCH_PATHS</key>
				<array>
					<string>$(inherited)</string>
					<string>$(PROJECT_DIR)</string>
					<string>$(PROJECT_DIR)/Carthage/Build/iOS</string>
				</array>
				<key>INFOPLIST_FILE</key>
				<string>Lit/Info.plist</string>
				<key>LD_RUNPATH_SEARCH_PATHS</key>
				<string>$(inherited) @executable_path/Frameworks</string>
				<key>PRODUCT_BUNDLE_IDENTIFIER</key>
				<string>com.rcanton.Lit</string>
				<key>PRODUCT_NAME</key>
				<string>$(TARGET_NAME)</string>
			</dict>
			<key>isa</key>
			<string>XCBuildConfiguration</string>
			<key>name</key>
			<string>Debug</string>
		</dict>
		<key>B0FF11551D3EB32100D709CE</key>
		<dict>
			<key>baseConfigurationReference</key>
			<string>07BE12CEF6089D8A9FF4304C</string>
			<key>buildSettings</key>
			<dict>
				<key>ASSETCATALOG_COMPILER_APPICON_NAME</key>
				<string>AppIcon</string>
				<key>CODE_SIGN_IDENTITY</key>
				<string>iPhone Developer</string>
				<key>FRAMEWORK_SEARCH_PATHS</key>
				<array>
					<string>$(inherited)</string>
					<string>$(PROJECT_DIR)</string>
					<string>$(PROJECT_DIR)/Carthage/Build/iOS</string>
				</array>
				<key>INFOPLIST_FILE</key>
				<string>Lit/Info.plist</string>
				<key>LD_RUNPATH_SEARCH_PATHS</key>
				<string>$(inherited) @executable_path/Frameworks</string>
				<key>PRODUCT_BUNDLE_IDENTIFIER</key>
				<string>com.rcanton.Lit</string>
				<key>PRODUCT_NAME</key>
				<string>$(TARGET_NAME)</string>
			</dict>
			<key>isa</key>
			<string>XCBuildConfiguration</string>
			<key>name</key>
			<string>Release</string>
		</dict>
		<key>B0FF11561D3EB33100D709CE</key>
		<dict>
			<key>fileEncoding</key>
			<string>4</string>
			<key>isa</key>
			<string>PBXFileReference</string>
			<key>lastKnownFileType</key>
			<string>text.plist.xml</string>
			<key>path</key>
			<string>GoogleService-Info.plist</string>
			<key>sourceTree</key>
			<string>&lt;group&gt;</string>
		</dict>
		<key>B0FF11571D3EB33100D709CE</key>
		<dict>
			<key>fileRef</key>
			<string>B0FF11561D3EB33100D709CE</string>
			<key>isa</key>
			<string>PBXBuildFile</string>
		</dict>
		<key>B94CEED3E5EDAB7563AD9187</key>
		<dict>
			<key>explicitFileType</key>
			<string>wrapper.framework</string>
			<key>includeInIndex</key>
			<string>0</string>
			<key>isa</key>
			<string>PBXFileReference</string>
			<key>path</key>
			<string>Pods_Lit.framework</string>
			<key>sourceTree</key>
			<string>BUILT_PRODUCTS_DIR</string>
		</dict>
		<key>E1C54BA1F6EC61ADE8C7D128</key>
		<dict>
			<key>includeInIndex</key>
			<string>1</string>
			<key>isa</key>
			<string>PBXFileReference</string>
			<key>lastKnownFileType</key>
			<string>text.xcconfig</string>
			<key>name</key>
			<string>Pods-Lit.debug.xcconfig</string>
			<key>path</key>
			<string>Pods/Target Support Files/Pods-Lit/Pods-Lit.debug.xcconfig</string>
			<key>sourceTree</key>
			<string>&lt;group&gt;</string>
		</dict>
		<key>EA7DB9A03DB1EBCFC1720EDB</key>
		<dict>
			<key>children</key>
			<array>
				<string>E1C54BA1F6EC61ADE8C7D128</string>
				<string>07BE12CEF6089D8A9FF4304C</string>
			</array>
			<key>isa</key>
			<string>PBXGroup</string>
			<key>name</key>
			<string>Pods</string>
			<key>sourceTree</key>
			<string>&lt;group&gt;</string>
		</dict>
		<key>EF0045AECE49A3B2D6971A2F</key>
		<dict>
			<key>buildActionMask</key>
			<string>2147483647</string>
			<key>files</key>
			<array/>
			<key>inputPaths</key>
			<array/>
			<key>isa</key>
			<string>PBXShellScriptBuildPhase</string>
			<key>name</key>
			<string>Embed Pods Frameworks</string>
			<key>outputPaths</key>
			<array/>
			<key>runOnlyForDeploymentPostprocessing</key>
			<string>0</string>
			<key>shellPath</key>
			<string>/bin/sh</string>
			<key>shellScript</key>
			<string>"${SRCROOT}/Pods/Target Support Files/Pods-Lit/Pods-Lit-frameworks.sh"
</string>
			<key>showEnvVarsInLog</key>
			<string>0</string>
		</dict>
	</dict>
	<key>rootObject</key>
	<string>B0FF11391D3EB32000D709CE</string>
</dict>
</plist>
