// !$*UTF8*$!
{
	archiveVersion = 1;
	classes = {
	};
	objectVersion = 46;
	objects = {

/* Begin PBXBuildFile section */
		76136D391D4933F6003DB433 /* UltravisualLayout.swift in Sources */ = {isa = PBXBuildFile; fileRef = 76136D381D4933F6003DB433 /* UltravisualLayout.swift */; };
		76136D3C1D493713003DB433 /* LocationCell.swift in Sources */ = {isa = PBXBuildFile; fileRef = 76136D3B1D493713003DB433 /* LocationCell.swift */; };
		76136D3F1D493786003DB433 /* Location.swift in Sources */ = {isa = PBXBuildFile; fileRef = 76136D3E1D493786003DB433 /* Location.swift */; };
		76136D451D495E8E003DB433 /* FirebaseService.swift in Sources */ = {isa = PBXBuildFile; fileRef = 76136D441D495E8E003DB433 /* FirebaseService.swift */; };
		76136D471D49600B003DB433 /* LocationActions.swift in Sources */ = {isa = PBXBuildFile; fileRef = 76136D461D49600B003DB433 /* LocationActions.swift */; };
		76173B7B1D5784AC0093A137 /* Main.storyboard in Resources */ = {isa = PBXBuildFile; fileRef = 76173B791D5784AC0093A137 /* Main.storyboard */; };
		762F82921D6256E200549E1B /* MXTableViewController.swift in Sources */ = {isa = PBXBuildFile; fileRef = 762F82911D6256E200549E1B /* MXTableViewController.swift */; };
		762F82941D62573300549E1B /* AboutViewController.swift in Sources */ = {isa = PBXBuildFile; fileRef = 762F82931D62573300549E1B /* AboutViewController.swift */; };
		762F82961D62574300549E1B /* MXTextViewController.swift in Sources */ = {isa = PBXBuildFile; fileRef = 762F82951D62574300549E1B /* MXTextViewController.swift */; };
		763566D01D4A835F000BAA08 /* Extensions.swift in Sources */ = {isa = PBXBuildFile; fileRef = 763566CF1D4A835F000BAA08 /* Extensions.swift */; };
		765036281D59170E0062BCF0 /* StoryItem.swift in Sources */ = {isa = PBXBuildFile; fileRef = 765036271D59170E0062BCF0 /* StoryItem.swift */; };
		767729831D5116930052CA17 /* CWStatusBarNotification.swift in Sources */ = {isa = PBXBuildFile; fileRef = 767729811D5116930052CA17 /* CWStatusBarNotification.swift */; };
		767729841D5116930052CA17 /* CWStatusBarNotificationUtils.swift in Sources */ = {isa = PBXBuildFile; fileRef = 767729821D5116930052CA17 /* CWStatusBarNotificationUtils.swift */; };
		768C67681D586C26003A76D5 /* StoryViewController.swift in Sources */ = {isa = PBXBuildFile; fileRef = 768C67671D586C26003A76D5 /* StoryViewController.swift */; };
		768FB9781D5BB55000251035 /* User.swift in Sources */ = {isa = PBXBuildFile; fileRef = 768FB9771D5BB55000251035 /* User.swift */; };
		768FB97A1D5BE9A200251035 /* AuthorInfoView.swift in Sources */ = {isa = PBXBuildFile; fileRef = 768FB9791D5BE9A200251035 /* AuthorInfoView.swift */; };
		76A516671D60C69D005E2815 /* ChatViewController.swift in Sources */ = {isa = PBXBuildFile; fileRef = 76A516661D60C69D005E2815 /* ChatViewController.swift */; };
		76A516691D60C721005E2815 /* Message.swift in Sources */ = {isa = PBXBuildFile; fileRef = 76A516681D60C721005E2815 /* Message.swift */; };
		76A5166C1D6103AF005E2815 /* ProfileViewController.swift in Sources */ = {isa = PBXBuildFile; fileRef = 76A5166B1D6103AF005E2815 /* ProfileViewController.swift */; };
		76A5166E1D618CAD005E2815 /* LocationViewController.swift in Sources */ = {isa = PBXBuildFile; fileRef = 76A5166D1D618CAD005E2815 /* LocationViewController.swift */; };
		76A516701D618D51005E2815 /* hoxton.jpg in Resources */ = {isa = PBXBuildFile; fileRef = 76A5166F1D618D51005E2815 /* hoxton.jpg */; };
		76B361C11D629F910024CDC7 /* HeaderView.swift in Sources */ = {isa = PBXBuildFile; fileRef = 76B361C01D629F910024CDC7 /* HeaderView.swift */; };
		76B361C31D629FAD0024CDC7 /* HeaderView.xib in Resources */ = {isa = PBXBuildFile; fileRef = 76B361C21D629FAD0024CDC7 /* HeaderView.xib */; };
		76B361CA1D64E8160024CDC7 /* RatingViewController.swift in Sources */ = {isa = PBXBuildFile; fileRef = 76B361C81D64E8160024CDC7 /* RatingViewController.swift */; };
		76B361CB1D64E8160024CDC7 /* RatingViewController.xib in Resources */ = {isa = PBXBuildFile; fileRef = 76B361C91D64E8160024CDC7 /* RatingViewController.xib */; };
		76B361CD1D64E85F0024CDC7 /* PopupViewController.swift in Sources */ = {isa = PBXBuildFile; fileRef = 76B361CC1D64E85F0024CDC7 /* PopupViewController.swift */; };
		76B361D21D64EA940024CDC7 /* CamViewController.swift in Sources */ = {isa = PBXBuildFile; fileRef = 76B361D01D64EA940024CDC7 /* CamViewController.swift */; };
		76B361D31D64EA940024CDC7 /* CamViewController.xib in Resources */ = {isa = PBXBuildFile; fileRef = 76B361D11D64EA940024CDC7 /* CamViewController.xib */; };
		76B361D51D6517A50024CDC7 /* PopUpTabBarController.swift in Sources */ = {isa = PBXBuildFile; fileRef = 76B361D41D6517A50024CDC7 /* PopUpTabBarController.swift */; };
		76B361D71D6519ED0024CDC7 /* LocationService.swift in Sources */ = {isa = PBXBuildFile; fileRef = 76B361D61D6519ED0024CDC7 /* LocationService.swift */; };
		76B7212B1D5E377D002B4491 /* StoryProgressIndicator.swift in Sources */ = {isa = PBXBuildFile; fileRef = 76B7212A1D5E377D002B4491 /* StoryProgressIndicator.swift */; };
		76C0E74F1D80D4BA004EFA4C /* VisitorsViewController.swift in Sources */ = {isa = PBXBuildFile; fileRef = 76C0E74D1D80D4BA004EFA4C /* VisitorsViewController.swift */; };
		76C0E7501D80D4BA004EFA4C /* VisitorsViewController.xib in Resources */ = {isa = PBXBuildFile; fileRef = 76C0E74E1D80D4BA004EFA4C /* VisitorsViewController.xib */; };
		76C0E7531D80D770004EFA4C /* VisitorCell.swift in Sources */ = {isa = PBXBuildFile; fileRef = 76C0E7511D80D770004EFA4C /* VisitorCell.swift */; };
		76C0E7541D80D770004EFA4C /* VisitorCell.xib in Resources */ = {isa = PBXBuildFile; fileRef = 76C0E7521D80D770004EFA4C /* VisitorCell.xib */; };
		76D2E46B1D7F50AF00B7C939 /* City.swift in Sources */ = {isa = PBXBuildFile; fileRef = 76D2E46A1D7F50AF00B7C939 /* City.swift */; };
		76EC36041D58EB600056D4CF /* CircleProgressView.swift in Sources */ = {isa = PBXBuildFile; fileRef = 76EC36031D58EB600056D4CF /* CircleProgressView.swift */; };
		76EE2B941D87653700EDB4CB /* ActivityViewController.swift in Sources */ = {isa = PBXBuildFile; fileRef = 76EE2B931D87653700EDB4CB /* ActivityViewController.swift */; };
		76EE2B971D8766ED00EDB4CB /* ActivityFriendRequestCell.swift in Sources */ = {isa = PBXBuildFile; fileRef = 76EE2B951D8766ED00EDB4CB /* ActivityFriendRequestCell.swift */; };
		76EE2B981D8766ED00EDB4CB /* ActivityFriendRequestCell.xib in Resources */ = {isa = PBXBuildFile; fileRef = 76EE2B961D8766ED00EDB4CB /* ActivityFriendRequestCell.xib */; };
		76F921C41D5689360083309B /* LNPopupController.framework in Frameworks */ = {isa = PBXBuildFile; fileRef = 76F921BF1D5687910083309B /* LNPopupController.framework */; };
		76F921C51D5689360083309B /* LNPopupController.framework in Embed Frameworks */ = {isa = PBXBuildFile; fileRef = 76F921BF1D5687910083309B /* LNPopupController.framework */; settings = {ATTRIBUTES = (CodeSignOnCopy, RemoveHeadersOnCopy, ); }; };
		76FF2E6B1D566D6A00E04EE3 /* CameraViewController.swift in Sources */ = {isa = PBXBuildFile; fileRef = 76FF2E6A1D566D6A00E04EE3 /* CameraViewController.swift */; };
		A04261A9603119500B5BD1FA /* Pods_Lit.framework in Frameworks */ = {isa = PBXBuildFile; fileRef = B94CEED3E5EDAB7563AD9187 /* Pods_Lit.framework */; };
		B01783901D98EF040088AD33 /* FriendRequest.swift in Sources */ = {isa = PBXBuildFile; fileRef = B017838F1D98EF040088AD33 /* FriendRequest.swift */; };
		B01783921D9A20F10088AD33 /* Friend.swift in Sources */ = {isa = PBXBuildFile; fileRef = B01783911D9A20F10088AD33 /* Friend.swift */; };
		B030D9551D426A9800ED27F2 /* Routes.swift in Sources */ = {isa = PBXBuildFile; fileRef = B030D9541D426A9800ED27F2 /* Routes.swift */; };
		B05ABCF91D41178D00364322 /* AppState.swift in Sources */ = {isa = PBXBuildFile; fileRef = B05ABCF81D41178D00364322 /* AppState.swift */; };
		B05ABCFB1D4117CB00364322 /* UserStateActions.swift in Sources */ = {isa = PBXBuildFile; fileRef = B05ABCFA1D4117CB00364322 /* UserStateActions.swift */; };
		B05ABCFD1D41185200364322 /* Reducer.swift in Sources */ = {isa = PBXBuildFile; fileRef = B05ABCFC1D41185200364322 /* Reducer.swift */; };
		B05ABD041D41211100364322 /* MainViewController.swift in Sources */ = {isa = PBXBuildFile; fileRef = B05ABD031D41211100364322 /* MainViewController.swift */; };
		B0873AC81D3EB8CC00862960 /* FBSDKCoreKit.framework in Frameworks */ = {isa = PBXBuildFile; fileRef = B0873AC51D3EB8CC00862960 /* FBSDKCoreKit.framework */; };
		B0873AC91D3EB8CC00862960 /* FBSDKLoginKit.framework in Frameworks */ = {isa = PBXBuildFile; fileRef = B0873AC61D3EB8CC00862960 /* FBSDKLoginKit.framework */; };
		B0873ACA1D3EB8CC00862960 /* FBSDKShareKit.framework in Frameworks */ = {isa = PBXBuildFile; fileRef = B0873AC71D3EB8CC00862960 /* FBSDKShareKit.framework */; };
		B0FF11451D3EB32100D709CE /* AppDelegate.swift in Sources */ = {isa = PBXBuildFile; fileRef = B0FF11441D3EB32100D709CE /* AppDelegate.swift */; };
		B0FF11471D3EB32100D709CE /* LoginViewController.swift in Sources */ = {isa = PBXBuildFile; fileRef = B0FF11461D3EB32100D709CE /* LoginViewController.swift */; };
		B0FF114C1D3EB32100D709CE /* Assets.xcassets in Resources */ = {isa = PBXBuildFile; fileRef = B0FF114B1D3EB32100D709CE /* Assets.xcassets */; };
		B0FF114F1D3EB32100D709CE /* LaunchScreen.storyboard in Resources */ = {isa = PBXBuildFile; fileRef = B0FF114D1D3EB32100D709CE /* LaunchScreen.storyboard */; };
		B0FF11571D3EB33100D709CE /* GoogleService-Info.plist in Resources */ = {isa = PBXBuildFile; fileRef = B0FF11561D3EB33100D709CE /* GoogleService-Info.plist */; };
/* End PBXBuildFile section */

/* Begin PBXCopyFilesBuildPhase section */
		76F921C61D5689360083309B /* Embed Frameworks */ = {
			isa = PBXCopyFilesBuildPhase;
			buildActionMask = 2147483647;
			dstPath = "";
			dstSubfolderSpec = 10;
			files = (
				76F921C51D5689360083309B /* LNPopupController.framework in Embed Frameworks */,
			);
			name = "Embed Frameworks";
			runOnlyForDeploymentPostprocessing = 0;
		};
/* End PBXCopyFilesBuildPhase section */

/* Begin PBXFileReference section */
		07BE12CEF6089D8A9FF4304C /* Pods-Lit.release.xcconfig */ = {isa = PBXFileReference; includeInIndex = 1; lastKnownFileType = text.xcconfig; name = "Pods-Lit.release.xcconfig"; path = "Pods/Target Support Files/Pods-Lit/Pods-Lit.release.xcconfig"; sourceTree = "<group>"; };
		76136D381D4933F6003DB433 /* UltravisualLayout.swift */ = {isa = PBXFileReference; fileEncoding = 4; lastKnownFileType = sourcecode.swift; path = UltravisualLayout.swift; sourceTree = "<group>"; };
		76136D3B1D493713003DB433 /* LocationCell.swift */ = {isa = PBXFileReference; fileEncoding = 4; lastKnownFileType = sourcecode.swift; path = LocationCell.swift; sourceTree = "<group>"; };
		76136D3E1D493786003DB433 /* Location.swift */ = {isa = PBXFileReference; fileEncoding = 4; lastKnownFileType = sourcecode.swift; path = Location.swift; sourceTree = "<group>"; };
		76136D441D495E8E003DB433 /* FirebaseService.swift */ = {isa = PBXFileReference; fileEncoding = 4; lastKnownFileType = sourcecode.swift; path = FirebaseService.swift; sourceTree = "<group>"; };
		76136D461D49600B003DB433 /* LocationActions.swift */ = {isa = PBXFileReference; fileEncoding = 4; lastKnownFileType = sourcecode.swift; path = LocationActions.swift; sourceTree = "<group>"; };
		76173B7A1D5784AC0093A137 /* Base */ = {isa = PBXFileReference; lastKnownFileType = file.storyboard; name = Base; path = Base.lproj/Main.storyboard; sourceTree = "<group>"; };
		762F82911D6256E200549E1B /* MXTableViewController.swift */ = {isa = PBXFileReference; fileEncoding = 4; lastKnownFileType = sourcecode.swift; path = MXTableViewController.swift; sourceTree = "<group>"; };
		762F82931D62573300549E1B /* AboutViewController.swift */ = {isa = PBXFileReference; fileEncoding = 4; lastKnownFileType = sourcecode.swift; path = AboutViewController.swift; sourceTree = "<group>"; };
		762F82951D62574300549E1B /* MXTextViewController.swift */ = {isa = PBXFileReference; fileEncoding = 4; lastKnownFileType = sourcecode.swift; path = MXTextViewController.swift; sourceTree = "<group>"; };
		763566CF1D4A835F000BAA08 /* Extensions.swift */ = {isa = PBXFileReference; fileEncoding = 4; lastKnownFileType = sourcecode.swift; path = Extensions.swift; sourceTree = "<group>"; };
		765036271D59170E0062BCF0 /* StoryItem.swift */ = {isa = PBXFileReference; fileEncoding = 4; lastKnownFileType = sourcecode.swift; path = StoryItem.swift; sourceTree = "<group>"; };
		767729811D5116930052CA17 /* CWStatusBarNotification.swift */ = {isa = PBXFileReference; fileEncoding = 4; lastKnownFileType = sourcecode.swift; path = CWStatusBarNotification.swift; sourceTree = "<group>"; };
		767729821D5116930052CA17 /* CWStatusBarNotificationUtils.swift */ = {isa = PBXFileReference; fileEncoding = 4; lastKnownFileType = sourcecode.swift; path = CWStatusBarNotificationUtils.swift; sourceTree = "<group>"; };
		768C67671D586C26003A76D5 /* StoryViewController.swift */ = {isa = PBXFileReference; fileEncoding = 4; lastKnownFileType = sourcecode.swift; path = StoryViewController.swift; sourceTree = "<group>"; };
		768FB9771D5BB55000251035 /* User.swift */ = {isa = PBXFileReference; fileEncoding = 4; lastKnownFileType = sourcecode.swift; path = User.swift; sourceTree = "<group>"; };
		768FB9791D5BE9A200251035 /* AuthorInfoView.swift */ = {isa = PBXFileReference; fileEncoding = 4; lastKnownFileType = sourcecode.swift; path = AuthorInfoView.swift; sourceTree = "<group>"; };
		76A516661D60C69D005E2815 /* ChatViewController.swift */ = {isa = PBXFileReference; fileEncoding = 4; lastKnownFileType = sourcecode.swift; path = ChatViewController.swift; sourceTree = "<group>"; };
		76A516681D60C721005E2815 /* Message.swift */ = {isa = PBXFileReference; fileEncoding = 4; lastKnownFileType = sourcecode.swift; path = Message.swift; sourceTree = "<group>"; };
		76A5166B1D6103AF005E2815 /* ProfileViewController.swift */ = {isa = PBXFileReference; fileEncoding = 4; lastKnownFileType = sourcecode.swift; path = ProfileViewController.swift; sourceTree = "<group>"; };
		76A5166D1D618CAD005E2815 /* LocationViewController.swift */ = {isa = PBXFileReference; fileEncoding = 4; lastKnownFileType = sourcecode.swift; path = LocationViewController.swift; sourceTree = "<group>"; };
		76A5166F1D618D51005E2815 /* hoxton.jpg */ = {isa = PBXFileReference; lastKnownFileType = image.jpeg; path = hoxton.jpg; sourceTree = "<group>"; };
		76B361C01D629F910024CDC7 /* HeaderView.swift */ = {isa = PBXFileReference; fileEncoding = 4; lastKnownFileType = sourcecode.swift; path = HeaderView.swift; sourceTree = "<group>"; };
		76B361C21D629FAD0024CDC7 /* HeaderView.xib */ = {isa = PBXFileReference; fileEncoding = 4; lastKnownFileType = file.xib; path = HeaderView.xib; sourceTree = "<group>"; };
		76B361C81D64E8160024CDC7 /* RatingViewController.swift */ = {isa = PBXFileReference; fileEncoding = 4; lastKnownFileType = sourcecode.swift; path = RatingViewController.swift; sourceTree = "<group>"; };
		76B361C91D64E8160024CDC7 /* RatingViewController.xib */ = {isa = PBXFileReference; fileEncoding = 4; lastKnownFileType = file.xib; path = RatingViewController.xib; sourceTree = "<group>"; };
		76B361CC1D64E85F0024CDC7 /* PopupViewController.swift */ = {isa = PBXFileReference; fileEncoding = 4; lastKnownFileType = sourcecode.swift; path = PopupViewController.swift; sourceTree = "<group>"; };
		76B361D01D64EA940024CDC7 /* CamViewController.swift */ = {isa = PBXFileReference; fileEncoding = 4; lastKnownFileType = sourcecode.swift; path = CamViewController.swift; sourceTree = "<group>"; };
		76B361D11D64EA940024CDC7 /* CamViewController.xib */ = {isa = PBXFileReference; fileEncoding = 4; lastKnownFileType = file.xib; path = CamViewController.xib; sourceTree = "<group>"; };
		76B361D41D6517A50024CDC7 /* PopUpTabBarController.swift */ = {isa = PBXFileReference; fileEncoding = 4; lastKnownFileType = sourcecode.swift; path = PopUpTabBarController.swift; sourceTree = "<group>"; };
		76B361D61D6519ED0024CDC7 /* LocationService.swift */ = {isa = PBXFileReference; fileEncoding = 4; lastKnownFileType = sourcecode.swift; path = LocationService.swift; sourceTree = "<group>"; };
		76B7212A1D5E377D002B4491 /* StoryProgressIndicator.swift */ = {isa = PBXFileReference; fileEncoding = 4; lastKnownFileType = sourcecode.swift; path = StoryProgressIndicator.swift; sourceTree = "<group>"; };
		76C0E74D1D80D4BA004EFA4C /* VisitorsViewController.swift */ = {isa = PBXFileReference; fileEncoding = 4; lastKnownFileType = sourcecode.swift; path = VisitorsViewController.swift; sourceTree = "<group>"; };
		76C0E74E1D80D4BA004EFA4C /* VisitorsViewController.xib */ = {isa = PBXFileReference; fileEncoding = 4; lastKnownFileType = file.xib; path = VisitorsViewController.xib; sourceTree = "<group>"; };
		76C0E7511D80D770004EFA4C /* VisitorCell.swift */ = {isa = PBXFileReference; fileEncoding = 4; lastKnownFileType = sourcecode.swift; path = VisitorCell.swift; sourceTree = "<group>"; };
		76C0E7521D80D770004EFA4C /* VisitorCell.xib */ = {isa = PBXFileReference; fileEncoding = 4; lastKnownFileType = file.xib; path = VisitorCell.xib; sourceTree = "<group>"; };
		76D2E46A1D7F50AF00B7C939 /* City.swift */ = {isa = PBXFileReference; fileEncoding = 4; lastKnownFileType = sourcecode.swift; path = City.swift; sourceTree = "<group>"; };
		76EC36031D58EB600056D4CF /* CircleProgressView.swift */ = {isa = PBXFileReference; fileEncoding = 4; lastKnownFileType = sourcecode.swift; path = CircleProgressView.swift; sourceTree = "<group>"; };
		76EE2B931D87653700EDB4CB /* ActivityViewController.swift */ = {isa = PBXFileReference; fileEncoding = 4; lastKnownFileType = sourcecode.swift; path = ActivityViewController.swift; sourceTree = "<group>"; };
		76EE2B951D8766ED00EDB4CB /* ActivityFriendRequestCell.swift */ = {isa = PBXFileReference; fileEncoding = 4; lastKnownFileType = sourcecode.swift; path = ActivityFriendRequestCell.swift; sourceTree = "<group>"; };
		76EE2B961D8766ED00EDB4CB /* ActivityFriendRequestCell.xib */ = {isa = PBXFileReference; fileEncoding = 4; lastKnownFileType = file.xib; path = ActivityFriendRequestCell.xib; sourceTree = "<group>"; };
		76F921BF1D5687910083309B /* LNPopupController.framework */ = {isa = PBXFileReference; lastKnownFileType = wrapper.framework; name = LNPopupController.framework; path = Carthage/Build/iOS/LNPopupController.framework; sourceTree = "<group>"; };
		76FF2E6A1D566D6A00E04EE3 /* CameraViewController.swift */ = {isa = PBXFileReference; fileEncoding = 4; lastKnownFileType = sourcecode.swift; path = CameraViewController.swift; sourceTree = "<group>"; };
		B017838F1D98EF040088AD33 /* FriendRequest.swift */ = {isa = PBXFileReference; fileEncoding = 4; lastKnownFileType = sourcecode.swift; path = FriendRequest.swift; sourceTree = "<group>"; };
		B01783911D9A20F10088AD33 /* Friend.swift */ = {isa = PBXFileReference; fileEncoding = 4; lastKnownFileType = sourcecode.swift; path = Friend.swift; sourceTree = "<group>"; };
		B030D9541D426A9800ED27F2 /* Routes.swift */ = {isa = PBXFileReference; fileEncoding = 4; lastKnownFileType = sourcecode.swift; path = Routes.swift; sourceTree = "<group>"; };
		B05ABCF81D41178D00364322 /* AppState.swift */ = {isa = PBXFileReference; fileEncoding = 4; lastKnownFileType = sourcecode.swift; path = AppState.swift; sourceTree = "<group>"; };
		B05ABCFA1D4117CB00364322 /* UserStateActions.swift */ = {isa = PBXFileReference; fileEncoding = 4; lastKnownFileType = sourcecode.swift; path = UserStateActions.swift; sourceTree = "<group>"; };
		B05ABCFC1D41185200364322 /* Reducer.swift */ = {isa = PBXFileReference; fileEncoding = 4; lastKnownFileType = sourcecode.swift; path = Reducer.swift; sourceTree = "<group>"; };
		B05ABD031D41211100364322 /* MainViewController.swift */ = {isa = PBXFileReference; fileEncoding = 4; lastKnownFileType = sourcecode.swift; path = MainViewController.swift; sourceTree = "<group>"; };
		B0873AC51D3EB8CC00862960 /* FBSDKCoreKit.framework */ = {isa = PBXFileReference; lastKnownFileType = wrapper.framework; path = FBSDKCoreKit.framework; sourceTree = "<group>"; };
		B0873AC61D3EB8CC00862960 /* FBSDKLoginKit.framework */ = {isa = PBXFileReference; lastKnownFileType = wrapper.framework; path = FBSDKLoginKit.framework; sourceTree = "<group>"; };
		B0873AC71D3EB8CC00862960 /* FBSDKShareKit.framework */ = {isa = PBXFileReference; lastKnownFileType = wrapper.framework; path = FBSDKShareKit.framework; sourceTree = "<group>"; };
		B0FF11411D3EB32000D709CE /* Lit.app */ = {isa = PBXFileReference; explicitFileType = wrapper.application; includeInIndex = 0; path = Lit.app; sourceTree = BUILT_PRODUCTS_DIR; };
		B0FF11441D3EB32100D709CE /* AppDelegate.swift */ = {isa = PBXFileReference; lastKnownFileType = sourcecode.swift; path = AppDelegate.swift; sourceTree = "<group>"; };
		B0FF11461D3EB32100D709CE /* LoginViewController.swift */ = {isa = PBXFileReference; lastKnownFileType = sourcecode.swift; path = LoginViewController.swift; sourceTree = "<group>"; };
		B0FF114B1D3EB32100D709CE /* Assets.xcassets */ = {isa = PBXFileReference; lastKnownFileType = folder.assetcatalog; path = Assets.xcassets; sourceTree = "<group>"; };
		B0FF114E1D3EB32100D709CE /* Base */ = {isa = PBXFileReference; lastKnownFileType = file.storyboard; name = Base; path = Base.lproj/LaunchScreen.storyboard; sourceTree = "<group>"; };
		B0FF11501D3EB32100D709CE /* Info.plist */ = {isa = PBXFileReference; lastKnownFileType = text.plist.xml; path = Info.plist; sourceTree = "<group>"; };
		B0FF11561D3EB33100D709CE /* GoogleService-Info.plist */ = {isa = PBXFileReference; fileEncoding = 4; lastKnownFileType = text.plist.xml; path = "GoogleService-Info.plist"; sourceTree = "<group>"; };
		B94CEED3E5EDAB7563AD9187 /* Pods_Lit.framework */ = {isa = PBXFileReference; explicitFileType = wrapper.framework; includeInIndex = 0; path = Pods_Lit.framework; sourceTree = BUILT_PRODUCTS_DIR; };
		E1C54BA1F6EC61ADE8C7D128 /* Pods-Lit.debug.xcconfig */ = {isa = PBXFileReference; includeInIndex = 1; lastKnownFileType = text.xcconfig; name = "Pods-Lit.debug.xcconfig"; path = "Pods/Target Support Files/Pods-Lit/Pods-Lit.debug.xcconfig"; sourceTree = "<group>"; };
/* End PBXFileReference section */

/* Begin PBXFrameworksBuildPhase section */
		B0FF113E1D3EB32000D709CE /* Frameworks */ = {
			isa = PBXFrameworksBuildPhase;
			buildActionMask = 2147483647;
			files = (
				B0873AC81D3EB8CC00862960 /* FBSDKCoreKit.framework in Frameworks */,
				76F921C41D5689360083309B /* LNPopupController.framework in Frameworks */,
				B0873ACA1D3EB8CC00862960 /* FBSDKShareKit.framework in Frameworks */,
				B0873AC91D3EB8CC00862960 /* FBSDKLoginKit.framework in Frameworks */,
				A04261A9603119500B5BD1FA /* Pods_Lit.framework in Frameworks */,
			);
			runOnlyForDeploymentPostprocessing = 0;
		};
/* End PBXFrameworksBuildPhase section */

/* Begin PBXGroup section */
		76136D361D4933E1003DB433 /* Layouts */ = {
			isa = PBXGroup;
			children = (
				76136D381D4933F6003DB433 /* UltravisualLayout.swift */,
			);
			name = Layouts;
			sourceTree = "<group>";
		};
		76136D3A1D49370A003DB433 /* Views */ = {
			isa = PBXGroup;
			children = (
				768FB9791D5BE9A200251035 /* AuthorInfoView.swift */,
				76136D3B1D493713003DB433 /* LocationCell.swift */,
				76EC36031D58EB600056D4CF /* CircleProgressView.swift */,
				76B7212A1D5E377D002B4491 /* StoryProgressIndicator.swift */,
				76B361C01D629F910024CDC7 /* HeaderView.swift */,
				76B361C21D629FAD0024CDC7 /* HeaderView.xib */,
				762F82911D6256E200549E1B /* MXTableViewController.swift */,
				762F82931D62573300549E1B /* AboutViewController.swift */,
				762F82951D62574300549E1B /* MXTextViewController.swift */,
				76B361C81D64E8160024CDC7 /* RatingViewController.swift */,
				76B361C91D64E8160024CDC7 /* RatingViewController.xib */,
				76B361D01D64EA940024CDC7 /* CamViewController.swift */,
				76C0E7511D80D770004EFA4C /* VisitorCell.swift */,
				76C0E7521D80D770004EFA4C /* VisitorCell.xib */,
				76C0E74D1D80D4BA004EFA4C /* VisitorsViewController.swift */,
				76C0E74E1D80D4BA004EFA4C /* VisitorsViewController.xib */,
				76B361D11D64EA940024CDC7 /* CamViewController.xib */,
				76EE2B951D8766ED00EDB4CB /* ActivityFriendRequestCell.swift */,
				76EE2B961D8766ED00EDB4CB /* ActivityFriendRequestCell.xib */,
			);
			name = Views;
			sourceTree = "<group>";
		};
		76136D3D1D49373B003DB433 /* Models */ = {
			isa = PBXGroup;
			children = (
				76136D3E1D493786003DB433 /* Location.swift */,
				76D2E46A1D7F50AF00B7C939 /* City.swift */,
				765036271D59170E0062BCF0 /* StoryItem.swift */,
				768FB9771D5BB55000251035 /* User.swift */,
				76A516681D60C721005E2815 /* Message.swift */,
				B017838F1D98EF040088AD33 /* FriendRequest.swift */,
				B01783911D9A20F10088AD33 /* Friend.swift */,
			);
			name = Models;
			sourceTree = "<group>";
		};
		763566CE1D4A834A000BAA08 /* Extensions */ = {
			isa = PBXGroup;
			children = (
				767729811D5116930052CA17 /* CWStatusBarNotification.swift */,
				767729821D5116930052CA17 /* CWStatusBarNotificationUtils.swift */,
				763566CF1D4A835F000BAA08 /* Extensions.swift */,
			);
			name = Extensions;
			sourceTree = "<group>";
		};
		76B361D81D651A020024CDC7 /* Services */ = {
			isa = PBXGroup;
			children = (
				76136D441D495E8E003DB433 /* FirebaseService.swift */,
				76B361D61D6519ED0024CDC7 /* LocationService.swift */,
			);
			name = Services;
			sourceTree = "<group>";
		};
		78900DEC646178706F90C153 /* Frameworks */ = {
			isa = PBXGroup;
			children = (
				76F921BF1D5687910083309B /* LNPopupController.framework */,
				B0873AC51D3EB8CC00862960 /* FBSDKCoreKit.framework */,
				B0873AC61D3EB8CC00862960 /* FBSDKLoginKit.framework */,
				B0873AC71D3EB8CC00862960 /* FBSDKShareKit.framework */,
				B94CEED3E5EDAB7563AD9187 /* Pods_Lit.framework */,
			);
			name = Frameworks;
			sourceTree = "<group>";
		};
		B05ABCF61D41177500364322 /* Reducers */ = {
			isa = PBXGroup;
			children = (
				B05ABCFC1D41185200364322 /* Reducer.swift */,
			);
			name = Reducers;
			sourceTree = "<group>";
		};
		B05ABCF71D41177A00364322 /* Actions */ = {
			isa = PBXGroup;
			children = (
				B05ABCFA1D4117CB00364322 /* UserStateActions.swift */,
				76136D461D49600B003DB433 /* LocationActions.swift */,
			);
			name = Actions;
			sourceTree = "<group>";
		};
		B05ABD001D41201E00364322 /* Routes */ = {
			isa = PBXGroup;
			children = (
				B030D9541D426A9800ED27F2 /* Routes.swift */,
			);
			name = Routes;
			sourceTree = "<group>";
		};
		B07E70841D3FC23700193D37 /* State */ = {
			isa = PBXGroup;
			children = (
				B05ABCF81D41178D00364322 /* AppState.swift */,
			);
			name = State;
			sourceTree = "<group>";
		};
		B0FF11381D3EB32000D709CE = {
			isa = PBXGroup;
			children = (
				B0FF11431D3EB32100D709CE /* Lit */,
				B0FF11421D3EB32000D709CE /* Products */,
				78900DEC646178706F90C153 /* Frameworks */,
				EA7DB9A03DB1EBCFC1720EDB /* Pods */,
			);
			sourceTree = "<group>";
		};
		B0FF11421D3EB32000D709CE /* Products */ = {
			isa = PBXGroup;
			children = (
				B0FF11411D3EB32000D709CE /* Lit.app */,
			);
			name = Products;
			sourceTree = "<group>";
		};
		B0FF11431D3EB32100D709CE /* Lit */ = {
			isa = PBXGroup;
			children = (
				763566CE1D4A834A000BAA08 /* Extensions */,
				76136D3D1D49373B003DB433 /* Models */,
				76136D3A1D49370A003DB433 /* Views */,
				76136D361D4933E1003DB433 /* Layouts */,
				B05ABD001D41201E00364322 /* Routes */,
				B05ABCF71D41177A00364322 /* Actions */,
				B05ABCF61D41177500364322 /* Reducers */,
				B07E70841D3FC23700193D37 /* State */,
				B0FF11441D3EB32100D709CE /* AppDelegate.swift */,
				B0FF114B1D3EB32100D709CE /* Assets.xcassets */,
				76B361D81D651A020024CDC7 /* Services */,
				B05ABD031D41211100364322 /* MainViewController.swift */,
				76A5166D1D618CAD005E2815 /* LocationViewController.swift */,
				76A5166B1D6103AF005E2815 /* ProfileViewController.swift */,
				76A516661D60C69D005E2815 /* ChatViewController.swift */,
				76FF2E6A1D566D6A00E04EE3 /* CameraViewController.swift */,
				76B361D41D6517A50024CDC7 /* PopUpTabBarController.swift */,
				768C67671D586C26003A76D5 /* StoryViewController.swift */,
				B0FF11461D3EB32100D709CE /* LoginViewController.swift */,
				76B361CC1D64E85F0024CDC7 /* PopupViewController.swift */,
				76173B791D5784AC0093A137 /* Main.storyboard */,
				76EE2B931D87653700EDB4CB /* ActivityViewController.swift */,
				B0FF114D1D3EB32100D709CE /* LaunchScreen.storyboard */,
				B0FF11501D3EB32100D709CE /* Info.plist */,
				B0FF11561D3EB33100D709CE /* GoogleService-Info.plist */,
				76A5166F1D618D51005E2815 /* hoxton.jpg */,
			);
			path = Lit;
			sourceTree = "<group>";
		};
		EA7DB9A03DB1EBCFC1720EDB /* Pods */ = {
			isa = PBXGroup;
			children = (
				E1C54BA1F6EC61ADE8C7D128 /* Pods-Lit.debug.xcconfig */,
				07BE12CEF6089D8A9FF4304C /* Pods-Lit.release.xcconfig */,
			);
			name = Pods;
			sourceTree = "<group>";
		};
/* End PBXGroup section */

/* Begin PBXNativeTarget section */
		B0FF11401D3EB32000D709CE /* Lit */ = {
			isa = PBXNativeTarget;
			buildConfigurationList = B0FF11531D3EB32100D709CE /* Build configuration list for PBXNativeTarget "Lit" */;
			buildPhases = (
				7571A02647713C629465B84B /* [CP] Check Pods Manifest.lock */,
				B0FF113D1D3EB32000D709CE /* Sources */,
				B0FF113E1D3EB32000D709CE /* Frameworks */,
				B0FF113F1D3EB32000D709CE /* Resources */,
				45B4BEB9C2C854AA28671B33 /* [CP] Embed Pods Frameworks */,
				4E2D9C43FC4D003089A35D25 /* [CP] Copy Pods Resources */,
				76F921C61D5689360083309B /* Embed Frameworks */,
				EF0045AECE49A3B2D6971A2F /* Embed Pods Frameworks */,
			);
			buildRules = (
			);
			dependencies = (
			);
			name = Lit;
			productName = Lit;
			productReference = B0FF11411D3EB32000D709CE /* Lit.app */;
			productType = "com.apple.product-type.application";
		};
/* End PBXNativeTarget section */

/* Begin PBXProject section */
		B0FF11391D3EB32000D709CE /* Project object */ = {
			isa = PBXProject;
			attributes = {
				LastSwiftUpdateCheck = 0730;
				LastUpgradeCheck = 0730;
				ORGANIZATIONNAME = "Robert Canton";
				TargetAttributes = {
					B0FF11401D3EB32000D709CE = {
						CreatedOnToolsVersion = 7.3;
						DevelopmentTeam = 6BES3VUFCX;
						SystemCapabilities = {
							com.apple.BackgroundModes = {
								enabled = 1;
							};
						};
					};
				};
			};
			buildConfigurationList = B0FF113C1D3EB32000D709CE /* Build configuration list for PBXProject "Lit" */;
			compatibilityVersion = "Xcode 3.2";
			developmentRegion = English;
			hasScannedForEncodings = 0;
			knownRegions = (
				en,
				Base,
			);
			mainGroup = B0FF11381D3EB32000D709CE;
			productRefGroup = B0FF11421D3EB32000D709CE /* Products */;
			projectDirPath = "";
			projectRoot = "";
			targets = (
				B0FF11401D3EB32000D709CE /* Lit */,
			);
		};
/* End PBXProject section */

/* Begin PBXResourcesBuildPhase section */
		B0FF113F1D3EB32000D709CE /* Resources */ = {
			isa = PBXResourcesBuildPhase;
			buildActionMask = 2147483647;
			files = (
				76C0E7541D80D770004EFA4C /* VisitorCell.xib in Resources */,
				76EE2B981D8766ED00EDB4CB /* ActivityFriendRequestCell.xib in Resources */,
				B0FF114F1D3EB32100D709CE /* LaunchScreen.storyboard in Resources */,
				B0FF11571D3EB33100D709CE /* GoogleService-Info.plist in Resources */,
				76C0E7501D80D4BA004EFA4C /* VisitorsViewController.xib in Resources */,
				76A516701D618D51005E2815 /* hoxton.jpg in Resources */,
				B0FF114C1D3EB32100D709CE /* Assets.xcassets in Resources */,
				76B361CB1D64E8160024CDC7 /* RatingViewController.xib in Resources */,
				76173B7B1D5784AC0093A137 /* Main.storyboard in Resources */,
				76B361D31D64EA940024CDC7 /* CamViewController.xib in Resources */,
				76B361C31D629FAD0024CDC7 /* HeaderView.xib in Resources */,
			);
			runOnlyForDeploymentPostprocessing = 0;
		};
/* End PBXResourcesBuildPhase section */

/* Begin PBXShellScriptBuildPhase section */
		45B4BEB9C2C854AA28671B33 /* [CP] Embed Pods Frameworks */ = {
			isa = PBXShellScriptBuildPhase;
			buildActionMask = 2147483647;
			files = (
			);
			inputPaths = (
			);
			name = "[CP] Embed Pods Frameworks";
			outputPaths = (
			);
			runOnlyForDeploymentPostprocessing = 0;
			shellPath = /bin/sh;
			shellScript = "\"${SRCROOT}/Pods/Target Support Files/Pods-Lit/Pods-Lit-frameworks.sh\"\n";
			showEnvVarsInLog = 0;
		};
		4E2D9C43FC4D003089A35D25 /* [CP] Copy Pods Resources */ = {
			isa = PBXShellScriptBuildPhase;
			buildActionMask = 2147483647;
			files = (
			);
			inputPaths = (
			);
			name = "[CP] Copy Pods Resources";
			outputPaths = (
			);
			runOnlyForDeploymentPostprocessing = 0;
			shellPath = /bin/sh;
			shellScript = "\"${SRCROOT}/Pods/Target Support Files/Pods-Lit/Pods-Lit-resources.sh\"\n";
			showEnvVarsInLog = 0;
		};
		7571A02647713C629465B84B /* [CP] Check Pods Manifest.lock */ = {
			isa = PBXShellScriptBuildPhase;
			buildActionMask = 2147483647;
			files = (
			);
			inputPaths = (
			);
			name = "[CP] Check Pods Manifest.lock";
			outputPaths = (
			);
			runOnlyForDeploymentPostprocessing = 0;
			shellPath = /bin/sh;
			shellScript = "diff \"${PODS_ROOT}/../Podfile.lock\" \"${PODS_ROOT}/Manifest.lock\" > /dev/null\nif [[ $? != 0 ]] ; then\n    cat << EOM\nerror: The sandbox is not in sync with the Podfile.lock. Run 'pod install' or update your CocoaPods installation.\nEOM\n    exit 1\nfi\n";
			showEnvVarsInLog = 0;
		};
		EF0045AECE49A3B2D6971A2F /* Embed Pods Frameworks */ = {
			isa = PBXShellScriptBuildPhase;
			buildActionMask = 2147483647;
			files = (
			);
			inputPaths = (
			);
			name = "Embed Pods Frameworks";
			outputPaths = (
			);
			runOnlyForDeploymentPostprocessing = 0;
			shellPath = /bin/sh;
			shellScript = "\"${SRCROOT}/Pods/Target Support Files/Pods-Lit/Pods-Lit-frameworks.sh\"\n";
			showEnvVarsInLog = 0;
		};
/* End PBXShellScriptBuildPhase section */

/* Begin PBXSourcesBuildPhase section */
		B0FF113D1D3EB32000D709CE /* Sources */ = {
			isa = PBXSourcesBuildPhase;
			buildActionMask = 2147483647;
			files = (
				76B361D21D64EA940024CDC7 /* CamViewController.swift in Sources */,
				768C67681D586C26003A76D5 /* StoryViewController.swift in Sources */,
				76D2E46B1D7F50AF00B7C939 /* City.swift in Sources */,
				B0FF11471D3EB32100D709CE /* LoginViewController.swift in Sources */,
				76136D3F1D493786003DB433 /* Location.swift in Sources */,
				765036281D59170E0062BCF0 /* StoryItem.swift in Sources */,
				762F82961D62574300549E1B /* MXTextViewController.swift in Sources */,
				767729831D5116930052CA17 /* CWStatusBarNotification.swift in Sources */,
				76EE2B971D8766ED00EDB4CB /* ActivityFriendRequestCell.swift in Sources */,
				B030D9551D426A9800ED27F2 /* Routes.swift in Sources */,
				762F82941D62573300549E1B /* AboutViewController.swift in Sources */,
				76B361D51D6517A50024CDC7 /* PopUpTabBarController.swift in Sources */,
				76A5166C1D6103AF005E2815 /* ProfileViewController.swift in Sources */,
				76A5166E1D618CAD005E2815 /* LocationViewController.swift in Sources */,
				76C0E74F1D80D4BA004EFA4C /* VisitorsViewController.swift in Sources */,
				B01783921D9A20F10088AD33 /* Friend.swift in Sources */,
				76B361D71D6519ED0024CDC7 /* LocationService.swift in Sources */,
				76136D471D49600B003DB433 /* LocationActions.swift in Sources */,
				76C0E7531D80D770004EFA4C /* VisitorCell.swift in Sources */,
				76B361CA1D64E8160024CDC7 /* RatingViewController.swift in Sources */,
				76136D391D4933F6003DB433 /* UltravisualLayout.swift in Sources */,
				762F82921D6256E200549E1B /* MXTableViewController.swift in Sources */,
				768FB97A1D5BE9A200251035 /* AuthorInfoView.swift in Sources */,
				76A516691D60C721005E2815 /* Message.swift in Sources */,
				76B361C11D629F910024CDC7 /* HeaderView.swift in Sources */,
				76B7212B1D5E377D002B4491 /* StoryProgressIndicator.swift in Sources */,
				76B361CD1D64E85F0024CDC7 /* PopupViewController.swift in Sources */,
				B0FF11451D3EB32100D709CE /* AppDelegate.swift in Sources */,
				768FB9781D5BB55000251035 /* User.swift in Sources */,
				B05ABCFD1D41185200364322 /* Reducer.swift in Sources */,
				767729841D5116930052CA17 /* CWStatusBarNotificationUtils.swift in Sources */,
				B05ABCF91D41178D00364322 /* AppState.swift in Sources */,
				76136D3C1D493713003DB433 /* LocationCell.swift in Sources */,
				76A516671D60C69D005E2815 /* ChatViewController.swift in Sources */,
				B01783901D98EF040088AD33 /* FriendRequest.swift in Sources */,
				B05ABCFB1D4117CB00364322 /* UserStateActions.swift in Sources */,
				76136D451D495E8E003DB433 /* FirebaseService.swift in Sources */,
				76EE2B941D87653700EDB4CB /* ActivityViewController.swift in Sources */,
				76EC36041D58EB600056D4CF /* CircleProgressView.swift in Sources */,
				B05ABD041D41211100364322 /* MainViewController.swift in Sources */,
				763566D01D4A835F000BAA08 /* Extensions.swift in Sources */,
				76FF2E6B1D566D6A00E04EE3 /* CameraViewController.swift in Sources */,
			);
			runOnlyForDeploymentPostprocessing = 0;
		};
/* End PBXSourcesBuildPhase section */

/* Begin PBXVariantGroup section */
		76173B791D5784AC0093A137 /* Main.storyboard */ = {
			isa = PBXVariantGroup;
			children = (
				76173B7A1D5784AC0093A137 /* Base */,
			);
			name = Main.storyboard;
			sourceTree = "<group>";
		};
		B0FF114D1D3EB32100D709CE /* LaunchScreen.storyboard */ = {
			isa = PBXVariantGroup;
			children = (
				B0FF114E1D3EB32100D709CE /* Base */,
			);
			name = LaunchScreen.storyboard;
			sourceTree = "<group>";
		};
/* End PBXVariantGroup section */

/* Begin XCBuildConfiguration section */
		B0FF11511D3EB32100D709CE /* Debug */ = {
			isa = XCBuildConfiguration;
			buildSettings = {
				ALWAYS_SEARCH_USER_PATHS = NO;
				CLANG_ANALYZER_NONNULL = YES;
				CLANG_CXX_LANGUAGE_STANDARD = "gnu++0x";
				CLANG_CXX_LIBRARY = "libc++";
				CLANG_ENABLE_MODULES = YES;
				CLANG_ENABLE_OBJC_ARC = YES;
				CLANG_WARN_BOOL_CONVERSION = YES;
				CLANG_WARN_CONSTANT_CONVERSION = YES;
				CLANG_WARN_DIRECT_OBJC_ISA_USAGE = YES_ERROR;
				CLANG_WARN_EMPTY_BODY = YES;
				CLANG_WARN_ENUM_CONVERSION = YES;
				CLANG_WARN_INT_CONVERSION = YES;
				CLANG_WARN_OBJC_ROOT_CLASS = YES_ERROR;
				CLANG_WARN_UNREACHABLE_CODE = YES;
				CLANG_WARN__DUPLICATE_METHOD_MATCH = YES;
				"CODE_SIGN_IDENTITY[sdk=iphoneos*]" = "iPhone Developer";
				COPY_PHASE_STRIP = NO;
				DEBUG_INFORMATION_FORMAT = dwarf;
				ENABLE_STRICT_OBJC_MSGSEND = YES;
				ENABLE_TESTABILITY = YES;
				GCC_C_LANGUAGE_STANDARD = gnu99;
				GCC_DYNAMIC_NO_PIC = NO;
				GCC_NO_COMMON_BLOCKS = YES;
				GCC_OPTIMIZATION_LEVEL = 0;
				GCC_PREPROCESSOR_DEFINITIONS = (
					"DEBUG=1",
					"$(inherited)",
				);
				GCC_WARN_64_TO_32_BIT_CONVERSION = YES;
				GCC_WARN_ABOUT_RETURN_TYPE = YES_ERROR;
				GCC_WARN_UNDECLARED_SELECTOR = YES;
				GCC_WARN_UNINITIALIZED_AUTOS = YES_AGGRESSIVE;
				GCC_WARN_UNUSED_FUNCTION = YES;
				GCC_WARN_UNUSED_VARIABLE = YES;
				IPHONEOS_DEPLOYMENT_TARGET = 9.3;
				MTL_ENABLE_DEBUG_INFO = YES;
				ONLY_ACTIVE_ARCH = YES;
				SDKROOT = iphoneos;
				SWIFT_OPTIMIZATION_LEVEL = "-Onone";
			};
			name = Debug;
		};
		B0FF11521D3EB32100D709CE /* Release */ = {
			isa = XCBuildConfiguration;
			buildSettings = {
				ALWAYS_SEARCH_USER_PATHS = NO;
				CLANG_ANALYZER_NONNULL = YES;
				CLANG_CXX_LANGUAGE_STANDARD = "gnu++0x";
				CLANG_CXX_LIBRARY = "libc++";
				CLANG_ENABLE_MODULES = YES;
				CLANG_ENABLE_OBJC_ARC = YES;
				CLANG_WARN_BOOL_CONVERSION = YES;
				CLANG_WARN_CONSTANT_CONVERSION = YES;
				CLANG_WARN_DIRECT_OBJC_ISA_USAGE = YES_ERROR;
				CLANG_WARN_EMPTY_BODY = YES;
				CLANG_WARN_ENUM_CONVERSION = YES;
				CLANG_WARN_INT_CONVERSION = YES;
				CLANG_WARN_OBJC_ROOT_CLASS = YES_ERROR;
				CLANG_WARN_UNREACHABLE_CODE = YES;
				CLANG_WARN__DUPLICATE_METHOD_MATCH = YES;
				"CODE_SIGN_IDENTITY[sdk=iphoneos*]" = "iPhone Developer";
				COPY_PHASE_STRIP = NO;
				DEBUG_INFORMATION_FORMAT = "dwarf-with-dsym";
				ENABLE_NS_ASSERTIONS = NO;
				ENABLE_STRICT_OBJC_MSGSEND = YES;
				GCC_C_LANGUAGE_STANDARD = gnu99;
				GCC_NO_COMMON_BLOCKS = YES;
				GCC_WARN_64_TO_32_BIT_CONVERSION = YES;
				GCC_WARN_ABOUT_RETURN_TYPE = YES_ERROR;
				GCC_WARN_UNDECLARED_SELECTOR = YES;
				GCC_WARN_UNINITIALIZED_AUTOS = YES_AGGRESSIVE;
				GCC_WARN_UNUSED_FUNCTION = YES;
				GCC_WARN_UNUSED_VARIABLE = YES;
				IPHONEOS_DEPLOYMENT_TARGET = 9.3;
				MTL_ENABLE_DEBUG_INFO = NO;
				SDKROOT = iphoneos;
				VALIDATE_PRODUCT = YES;
			};
			name = Release;
		};
		B0FF11541D3EB32100D709CE /* Debug */ = {
			isa = XCBuildConfiguration;
			baseConfigurationReference = E1C54BA1F6EC61ADE8C7D128 /* Pods-Lit.debug.xcconfig */;
			buildSettings = {
				ASSETCATALOG_COMPILER_APPICON_NAME = AppIcon;
				CODE_SIGN_IDENTITY = "iPhone Developer";
				FRAMEWORK_SEARCH_PATHS = (
					"$(inherited)",
					"$(PROJECT_DIR)",
					"$(PROJECT_DIR)/Carthage/Build/iOS",
				);
				INFOPLIST_FILE = Lit/Info.plist;
				LD_RUNPATH_SEARCH_PATHS = "$(inherited) @executable_path/Frameworks";
				PRODUCT_BUNDLE_IDENTIFIER = com.rcanton.Lit;
				PRODUCT_NAME = "$(TARGET_NAME)";
			};
			name = Debug;
		};
		B0FF11551D3EB32100D709CE /* Release */ = {
			isa = XCBuildConfiguration;
			baseConfigurationReference = 07BE12CEF6089D8A9FF4304C /* Pods-Lit.release.xcconfig */;
			buildSettings = {
				ASSETCATALOG_COMPILER_APPICON_NAME = AppIcon;
				CODE_SIGN_IDENTITY = "iPhone Developer";
				FRAMEWORK_SEARCH_PATHS = (
					"$(inherited)",
					"$(PROJECT_DIR)",
					"$(PROJECT_DIR)/Carthage/Build/iOS",
				);
				INFOPLIST_FILE = Lit/Info.plist;
				LD_RUNPATH_SEARCH_PATHS = "$(inherited) @executable_path/Frameworks";
				PRODUCT_BUNDLE_IDENTIFIER = com.rcanton.Lit;
				PRODUCT_NAME = "$(TARGET_NAME)";
			};
			name = Release;
		};
/* End XCBuildConfiguration section */

/* Begin XCConfigurationList section */
		B0FF113C1D3EB32000D709CE /* Build configuration list for PBXProject "Lit" */ = {
			isa = XCConfigurationList;
			buildConfigurations = (
				B0FF11511D3EB32100D709CE /* Debug */,
				B0FF11521D3EB32100D709CE /* Release */,
			);
			defaultConfigurationIsVisible = 0;
			defaultConfigurationName = Release;
		};
		B0FF11531D3EB32100D709CE /* Build configuration list for PBXNativeTarget "Lit" */ = {
			isa = XCConfigurationList;
			buildConfigurations = (
				B0FF11541D3EB32100D709CE /* Debug */,
				B0FF11551D3EB32100D709CE /* Release */,
			);
			defaultConfigurationIsVisible = 0;
			defaultConfigurationName = Release;
		};
/* End XCConfigurationList section */
	};
	rootObject = B0FF11391D3EB32000D709CE /* Project object */;
}
